{
    "_meta": {
        "hash": {
            "sha256": "3de736bf110af1d77f0f31569339aaa126619efb770d1269e4b0e90fce4bb32d"
        },
        "pipfile-spec": 6,
        "requires": {},
        "sources": [
            {
                "name": "pypi",
                "url": "https://pypi.org/simple",
                "verify_ssl": true
            }
        ]
    },
    "default": {
        "aioca": {
            "hashes": [
                "sha256:1c89989d1d5182ca7c23fd86c3e5b908cd580683fdb7da9f12b89cb004b7009a",
                "sha256:66683994d0739c9d759af2843932cb8244d8f8e5771c3cbf16a99babd4483bd4"
            ],
            "version": "==1.6"
        },
        "cothread": {
            "hashes": [
                "sha256:4661ca129d4f83a7651764419c2302272d9e1da96d011f6cc9d59532505e2dca"
            ],
            "version": "==2.18.2"
        },
        "epicscorelibs": {
            "hashes": [
                "sha256:05778faad8a5010708084e1047a15c46c1c44c19f9b3532d49480ff267cd59c9",
                "sha256:0f07bddd3483f148b90b3351f6e5de6628fedb6e2262ccb219519731f81392b5",
                "sha256:12d8f72efcfacfc785d5ad42bf0a5e76aac84f08f0f04570efa8a3fab132ae49",
                "sha256:194155e170e7473fe8a6999489bd089e84a172955ec8db0d66155dc92a60c14c",
                "sha256:22bef19a81de7b099b45dbbb8730c8aeb3e727f9e0609ba461835db35de75c9c",
                "sha256:2e0d05a62c5fc0f126fc8e7924020c81257581d903255379e78720d7056a427c",
                "sha256:3ab4ff529d8cd183f61d53a130b3ca4cf85b055bbc05b5607adfda3d10bb3674",
                "sha256:415b98a44f75cb00563e47670bb8b233d0a47fde5bcf263deb828483062e9d99",
                "sha256:48e1c63a0f5d06bb75a74f638fc10a31c87b5673708fda7ce1ec2e4319d33a17",
                "sha256:4d06e2273ad4575e68278e64cac5ce4febea1e0110fc4a3aeec46c7a09fc71d2",
                "sha256:5711e66be4bff06e198b3c90b9ee5b7e48017b4cc32c2245eb7e0581c889ff42",
                "sha256:639e36fa63541d2a5903a3eda5fa1b832b94ed5c7131eeb68f02f07af56af3bb",
                "sha256:68811552b3eae9f84c472a55775afcc13c66cb855207c08e19458a25d1b91765",
                "sha256:76829079cda005ac1a8ad1231043199b1609bde3862e2ada92daf715d0aa6a5b",
                "sha256:7d04129c2d1d3554a795f1c1fc97838999f198352b14854d16160c449879089a",
                "sha256:8fdb1648f7873083a41b466d0428bc4076c6b73772bfab17a5b1a19011f7f8ef",
                "sha256:9fd10d3f1fefd96f2b0751f65fa44791b978521b4a020cb5105cdbd80a0fcf84",
                "sha256:a3e8a8482334087554f143f9cacb3393850378249196c2c53c8335bf44cf7a23",
                "sha256:bbc444b4835c9742e40b94a1c590f1841453c40d51add8ce3a76599a0c02534a",
                "sha256:be4dfa2518d336341162a217708ca18451b54db59b54c7685357d11efa00baac",
                "sha256:c2aad6b3068a1dc9ccfd6bdc38886bd1ffa0bd96a429f3f05c1b97b2363095fa",
                "sha256:c8060993f7628c9b445b6bb2080cf5fef8869e6e9fbd75398756f5b910528dda",
                "sha256:d08cd4b228d7087fd172b9b48d5ebc1c763b6c1fbda26369776d5b274f1c73b4",
                "sha256:d42a4342cbdb2c6452b6482f0e59a5043ca0c4c41ac6d48d1cb382c0257f9b85",
                "sha256:dda6066046096aeb23c7fa7f7bef519316a8eb1f6e46b0859cdc614c03054d08",
                "sha256:e277d538c531407f4926f8bfe4d06389b2a3fff9671000e11f2f2aa10cadce41",
                "sha256:ebade58f5430ee2a597b56080cfff800389016c02aa33f394f2796d73e5d52d4",
                "sha256:f136ef89acc19bb855f53ad29a768ecfbafcc22bd355eec8c17164c2735c5ecc"
            ],
            "version": "==7.0.7.99.0.0"
        },
        "epicsdbbuilder": {
            "hashes": [
                "sha256:40e01ca308b667d17b31dc1907816df20c31b389415268d9ec6e2be6c3b8f283",
                "sha256:ae8dc724c72478d2c6a68b08145d027a50af98702d17e4692f2d73f145818e74"
            ],
            "version": "==1.5"
        },
        "numpy": {
            "hashes": [
                "sha256:1dbe1c91269f880e364526649a52eff93ac30035507ae980d2fed33aaee633ac",
                "sha256:357768c2e4451ac241465157a3e929b265dfac85d9214074985b1786244f2ef3",
                "sha256:3820724272f9913b597ccd13a467cc492a0da6b05df26ea09e78b171a0bb9da6",
                "sha256:4391bd07606be175aafd267ef9bea87cf1b8210c787666ce82073b05f202add1",
                "sha256:4aa48afdce4660b0076a00d80afa54e8a97cd49f457d68a4342d188a09451c1a",
                "sha256:58459d3bad03343ac4b1b42ed14d571b8743dc80ccbf27444f266729df1d6f5b",
                "sha256:5c3c8def4230e1b959671eb959083661b4a0d2e9af93ee339c7dada6759a9470",
                "sha256:5f30427731561ce75d7048ac254dbe47a2ba576229250fb60f0fb74db96501a1",
                "sha256:643843bcc1c50526b3a71cd2ee561cf0d8773f062c8cbaf9ffac9fdf573f83ab",
                "sha256:67c261d6c0a9981820c3a149d255a76918278a6b03b6a036800359aba1256d46",
                "sha256:67f21981ba2f9d7ba9ade60c9e8cbaa8cf8e9ae51673934480e45cf55e953673",
                "sha256:6aaf96c7f8cebc220cdfc03f1d5a31952f027dda050e5a703a0d1c396075e3e7",
                "sha256:7c4068a8c44014b2d55f3c3f574c376b2494ca9cc73d2f1bd692382b6dffe3db",
                "sha256:7c7e5fa88d9ff656e067876e4736379cc962d185d5cd808014a8a928d529ef4e",
                "sha256:7f5ae4f304257569ef3b948810816bc87c9146e8c446053539947eedeaa32786",
                "sha256:82691fda7c3f77c90e62da69ae60b5ac08e87e775b09813559f8901a88266552",
                "sha256:8737609c3bbdd48e380d463134a35ffad3b22dc56295eff6f79fd85bd0eeeb25",
                "sha256:9f411b2c3f3d76bba0865b35a425157c5dcf54937f82bbeb3d3c180789dd66a6",
                "sha256:a6be4cb0ef3b8c9250c19cc122267263093eee7edd4e3fa75395dfda8c17a8e2",
                "sha256:bcb238c9c96c00d3085b264e5c1a1207672577b93fa666c3b14a45240b14123a",
                "sha256:bf2ec4b75d0e9356edea834d1de42b31fe11f726a81dfb2c2112bc1eaa508fcf",
                "sha256:d136337ae3cc69aa5e447e78d8e1514be8c3ec9b54264e680cf0b4bd9011574f",
                "sha256:d4bf4d43077db55589ffc9009c0ba0a94fa4908b9586d6ccce2e0b164c86303c",
                "sha256:d6a96eef20f639e6a97d23e57dd0c1b1069a7b4fd7027482a4c5c451cd7732f4",
                "sha256:d9caa9d5e682102453d96a0ee10c7241b72859b01a941a397fd965f23b3e016b",
                "sha256:dd1c8f6bd65d07d3810b90d02eba7997e32abbdf1277a481d698969e921a3be0",
                "sha256:e31f0bb5928b793169b87e3d1e070f2342b22d5245c755e2b81caa29756246c3",
                "sha256:ecb55251139706669fdec2ff073c98ef8e9a84473e51e716211b41aa0f18e656",
                "sha256:ee5ec40fdd06d62fe5d4084bef4fd50fd4bb6bfd2bf519365f569dc470163ab0",
                "sha256:f17e562de9edf691a42ddb1eb4a5541c20dd3f9e65b09ded2beb0799c0cf29bb",
                "sha256:fdffbfb6832cd0b300995a2b08b8f6fa9f6e856d562800fea9182316d99c4e8e"
            ],
            "version": "==1.21.6"
        },
        "scipy": {
            "hashes": [
                "sha256:01b38dec7e9f897d4db04f8de4e20f0f5be3feac98468188a0f47a991b796055",
                "sha256:10dbcc7de03b8d635a1031cb18fd3eaa997969b64fdf78f99f19ac163a825445",
                "sha256:19aeac1ad3e57338723f4657ac8520f41714804568f2e30bd547d684d72c392e",
                "sha256:1b21c6e0dc97b1762590b70dee0daddb291271be0580384d39f02c480b78290a",
                "sha256:1caade0ede6967cc675e235c41451f9fb89ae34319ddf4740194094ab736b88d",
                "sha256:23995dfcf269ec3735e5a8c80cfceaf384369a47699df111a6246b83a55da582",
                "sha256:2a799714bf1f791fb2650d73222b248d18d53fd40d6af2df2c898db048189606",
                "sha256:3274ce145b5dc416c49c0cf8b6119f787f0965cd35e22058fe1932c09fe15d77",
                "sha256:33d1677d46111cfa1c84b87472a0274dde9ef4a7ef2e1f155f012f5f1e995d8f",
                "sha256:44d452850f77e65e25b1eb1ac01e25770323a782bfe3a1a3e43847ad4266d93d",
                "sha256:9e3302149a369697c6aaea18b430b216e3c88f9a61b62869f6104881e5f9ef85",
                "sha256:a75b014d3294fce26852a9d04ea27b5671d86736beb34acdfc05859246260707",
                "sha256:ad7269254de06743fb4768f658753de47d8b54e4672c5ebe8612a007a088bd48",
                "sha256:b30280fbc1fd8082ac822994a98632111810311a9ece71a0e48f739df3c555a2",
                "sha256:b79104878003487e2b4639a20b9092b02e1bad07fc4cf924b495cf413748a777",
                "sha256:d449d40e830366b4c612692ad19fbebb722b6b847f78a7b701b1e0d6cda3cc13",
                "sha256:d647757373985207af3343301d89fe738d5a294435a4f2aafb04c13b4388c896",
                "sha256:f68eb46b86b2c246af99fcaa6f6e37c7a7a413e1084a794990b877f2ff71f7b6",
                "sha256:fdf606341cd798530b05705c87779606fcdfaf768a8129c348ea94441da15b04"
            ],
            "version": "==1.6.3"
        },
        "setuptools-dso": {
            "hashes": [
                "sha256:46f20b0ec32c3264e6d12e1d0347b80df50bb1dc94c825bea902763e1ea9e05f",
                "sha256:67bd27feb2014a253ab026d2b2052c181e1e84fc602780e7fde746c45f602cf5"
            ],
            "version": "==2.5"
        },
        "softioc": {
            "editable": true,
            "extras": [
                "useful"
            ],
            "path": "."
        },
        "typing-extensions": {
            "hashes": [
                "sha256:5cb5f4a79139d699607b3ef622a1dedafa84e115ab0024e0d9c044a9479ca7cb",
                "sha256:fb33085c39dd998ac16d1431ebc293a8b3eedd00fd4a32de0ff79002c19511b4"
            ],
            "version": "==4.5.0"
        }
    },
    "develop": {
        "aioca": {
            "hashes": [
                "sha256:1c89989d1d5182ca7c23fd86c3e5b908cd580683fdb7da9f12b89cb004b7009a",
                "sha256:66683994d0739c9d759af2843932cb8244d8f8e5771c3cbf16a99babd4483bd4"
            ],
            "version": "==1.6"
        },
        "alabaster": {
            "hashes": [
                "sha256:446438bdcca0e05bd45ea2de1668c1d9b032e1a9154c2c259092d77031ddd359",
                "sha256:a661d72d58e6ea8a57f7a86e37d86716863ee5e92788398526d58b26a4e4dc02"
            ],
            "version": "==0.7.12"
        },
        "attrs": {
            "hashes": [
                "sha256:29e95c7f6778868dbd49170f98f8818f78f3dc5e0e37c0b1f474e3561b240836",
                "sha256:c9227bfc2f01993c03f68db37d1d15c9690188323c067c641f1a35ca58185f99"
            ],
            "version": "==22.2.0"
        },
        "babel": {
            "hashes": [
                "sha256:1ad3eca1c885218f6dce2ab67291178944f810a10a9b5f3cb8382a5a232b64fe",
                "sha256:5ef4b3226b0180dedded4229651c8b0e1a3a6a2837d45a073272f313e4cf97f6"
            ],
            "version": "==2.11.0"
        },
        "certifi": {
            "hashes": [
                "sha256:35824b4c3a97115964b408844d64aa14db1cc518f6562e8d7261699d1350a9e3",
                "sha256:4ad3232f5e926d6718ec31cfc1fcadfde020920e278684144551c91769c7bc18"
            ],
            "version": "==2022.12.7"
        },
        "charset-normalizer": {
            "hashes": [
                "sha256:5a3d016c7c547f69d6f81fb0db9449ce888b418b5b9952cc5e6e66843e9dd845",
                "sha256:83e9a75d1911279afd89352c68b45348559d1fc0506b054b346651b5e7fee29f"
            ],
            "version": "==2.1.1"
        },
        "cothread": {
            "hashes": [
                "sha256:4661ca129d4f83a7651764419c2302272d9e1da96d011f6cc9d59532505e2dca"
            ],
            "version": "==2.18.2"
        },
        "coverage": {
            "extras": [
                "toml"
            ],
            "hashes": [
                "sha256:04481245ef966fbd24ae9b9e537ce899ae584d521dfbe78f89cad003c38ca2ab",
                "sha256:0c45948f613d5d18c9ec5eaa203ce06a653334cf1bd47c783a12d0dd4fd9c851",
                "sha256:10188fe543560ec4874f974b5305cd1a8bdcfa885ee00ea3a03733464c4ca265",
                "sha256:218fe982371ac7387304153ecd51205f14e9d731b34fb0568181abaf7b443ba0",
                "sha256:29571503c37f2ef2138a306d23e7270687c0efb9cab4bd8038d609b5c2393a3a",
                "sha256:2a60d6513781e87047c3e630b33b4d1e89f39836dac6e069ffee28c4786715f5",
                "sha256:2bf1d5f2084c3932b56b962a683074a3692bce7cabd3aa023c987a2a8e7612f6",
                "sha256:3164d31078fa9efe406e198aecd2a02d32a62fecbdef74f76dad6a46c7e48311",
                "sha256:32df215215f3af2c1617a55dbdfb403b772d463d54d219985ac7cd3bf124cada",
                "sha256:33d1ae9d4079e05ac4cc1ef9e20c648f5afabf1a92adfaf2ccf509c50b85717f",
                "sha256:33ff26d0f6cc3ca8de13d14fde1ff8efe1456b53e3f0273e63cc8b3c84a063d8",
                "sha256:38da2db80cc505a611938d8624801158e409928b136c8916cd2e203970dde4dc",
                "sha256:3b155caf3760408d1cb903b21e6a97ad4e2bdad43cbc265e3ce0afb8e0057e73",
                "sha256:3b946bbcd5a8231383450b195cfb58cb01cbe7f8949f5758566b881df4b33baf",
                "sha256:3baf5f126f30781b5e93dbefcc8271cb2491647f8283f20ac54d12161dff080e",
                "sha256:4b14d5e09c656de5038a3f9bfe5228f53439282abcab87317c9f7f1acb280352",
                "sha256:51b236e764840a6df0661b67e50697aaa0e7d4124ca95e5058fa3d7cbc240b7c",
                "sha256:63ffd21aa133ff48c4dff7adcc46b7ec8b565491bfc371212122dd999812ea1c",
                "sha256:6a43c7823cd7427b4ed763aa7fb63901ca8288591323b58c9cd6ec31ad910f3c",
                "sha256:755e89e32376c850f826c425ece2c35a4fc266c081490eb0a841e7c1cb0d3bda",
                "sha256:7a726d742816cb3a8973c8c9a97539c734b3a309345236cd533c4883dda05b8d",
                "sha256:7c7c0d0827e853315c9bbd43c1162c006dd808dbbe297db7ae66cd17b07830f0",
                "sha256:7ed681b0f8e8bcbbffa58ba26fcf5dbc8f79e7997595bf071ed5430d8c08d6f3",
                "sha256:7ee5c9bb51695f80878faaa5598040dd6c9e172ddcf490382e8aedb8ec3fec8d",
                "sha256:8361be1c2c073919500b6601220a6f2f98ea0b6d2fec5014c1d9cfa23dd07038",
                "sha256:8ae125d1134bf236acba8b83e74c603d1b30e207266121e76484562bc816344c",
                "sha256:9817733f0d3ea91bea80de0f79ef971ae94f81ca52f9b66500c6a2fea8e4b4f8",
                "sha256:98b85dd86514d889a2e3dd22ab3c18c9d0019e696478391d86708b805f4ea0fa",
                "sha256:9ccb092c9ede70b2517a57382a601619d20981f56f440eae7e4d7eaafd1d1d09",
                "sha256:9d58885215094ab4a86a6aef044e42994a2bd76a446dc59b352622655ba6621b",
                "sha256:b643cb30821e7570c0aaf54feaf0bfb630b79059f85741843e9dc23f33aaca2c",
                "sha256:bc7c85a150501286f8b56bd8ed3aa4093f4b88fb68c0843d21ff9656f0009d6a",
                "sha256:beeb129cacea34490ffd4d6153af70509aa3cda20fdda2ea1a2be870dfec8d52",
                "sha256:c31b75ae466c053a98bf26843563b3b3517b8f37da4d47b1c582fdc703112bc3",
                "sha256:c4e4881fa9e9667afcc742f0c244d9364d197490fbc91d12ac3b5de0bf2df146",
                "sha256:c5b15ed7644ae4bee0ecf74fee95808dcc34ba6ace87e8dfbf5cb0dc20eab45a",
                "sha256:d12d076582507ea460ea2a89a8c85cb558f83406c8a41dd641d7be9a32e1274f",
                "sha256:d248cd4a92065a4d4543b8331660121b31c4148dd00a691bfb7a5cdc7483cfa4",
                "sha256:d47dd659a4ee952e90dc56c97d78132573dc5c7b09d61b416a9deef4ebe01a0c",
                "sha256:d4a5a5879a939cb84959d86869132b00176197ca561c664fc21478c1eee60d75",
                "sha256:da9b41d4539eefd408c46725fb76ecba3a50a3367cafb7dea5f250d0653c1040",
                "sha256:db61a79c07331e88b9a9974815c075fbd812bc9dbc4dc44b366b5368a2936063",
                "sha256:ddb726cb861c3117a553f940372a495fe1078249ff5f8a5478c0576c7be12050",
                "sha256:ded59300d6330be27bc6cf0b74b89ada58069ced87c48eaf9344e5e84b0072f7",
                "sha256:e2617759031dae1bf183c16cef8fcfb3de7617f394c813fa5e8e46e9b82d4222",
                "sha256:e5cdbb5cafcedea04924568d990e20ce7f1945a1dd54b560f879ee2d57226912",
                "sha256:ec8e767f13be637d056f7e07e61d089e555f719b387a7070154ad80a0ff31801",
                "sha256:ef382417db92ba23dfb5864a3fc9be27ea4894e86620d342a116b243ade5d35d",
                "sha256:f2cba5c6db29ce991029b5e4ac51eb36774458f0a3b8d3137241b32d1bb91f06",
                "sha256:f5b4198d85a3755d27e64c52f8c95d6333119e49fd001ae5798dac872c95e0f8",
                "sha256:ffeeb38ee4a80a30a6877c5c4c359e5498eec095878f1581453202bfacc8fbc2"
            ],
            "version": "==7.1.0"
        },
        "docutils": {
            "hashes": [
                "sha256:686577d2e4c32380bb50cbb22f575ed742d58168cee37e99117a854bcd88f125",
                "sha256:cf316c8370a737a022b72b56874f6602acf974a37a9fba42ec2876387549fc61"
            ],
            "version": "==0.17.1"
        },
        "epicscorelibs": {
            "hashes": [
                "sha256:05778faad8a5010708084e1047a15c46c1c44c19f9b3532d49480ff267cd59c9",
                "sha256:0f07bddd3483f148b90b3351f6e5de6628fedb6e2262ccb219519731f81392b5",
                "sha256:12d8f72efcfacfc785d5ad42bf0a5e76aac84f08f0f04570efa8a3fab132ae49",
                "sha256:194155e170e7473fe8a6999489bd089e84a172955ec8db0d66155dc92a60c14c",
                "sha256:22bef19a81de7b099b45dbbb8730c8aeb3e727f9e0609ba461835db35de75c9c",
                "sha256:2e0d05a62c5fc0f126fc8e7924020c81257581d903255379e78720d7056a427c",
                "sha256:3ab4ff529d8cd183f61d53a130b3ca4cf85b055bbc05b5607adfda3d10bb3674",
                "sha256:415b98a44f75cb00563e47670bb8b233d0a47fde5bcf263deb828483062e9d99",
                "sha256:48e1c63a0f5d06bb75a74f638fc10a31c87b5673708fda7ce1ec2e4319d33a17",
                "sha256:4d06e2273ad4575e68278e64cac5ce4febea1e0110fc4a3aeec46c7a09fc71d2",
                "sha256:5711e66be4bff06e198b3c90b9ee5b7e48017b4cc32c2245eb7e0581c889ff42",
                "sha256:639e36fa63541d2a5903a3eda5fa1b832b94ed5c7131eeb68f02f07af56af3bb",
                "sha256:68811552b3eae9f84c472a55775afcc13c66cb855207c08e19458a25d1b91765",
                "sha256:76829079cda005ac1a8ad1231043199b1609bde3862e2ada92daf715d0aa6a5b",
                "sha256:7d04129c2d1d3554a795f1c1fc97838999f198352b14854d16160c449879089a",
                "sha256:8fdb1648f7873083a41b466d0428bc4076c6b73772bfab17a5b1a19011f7f8ef",
                "sha256:9fd10d3f1fefd96f2b0751f65fa44791b978521b4a020cb5105cdbd80a0fcf84",
                "sha256:a3e8a8482334087554f143f9cacb3393850378249196c2c53c8335bf44cf7a23",
                "sha256:bbc444b4835c9742e40b94a1c590f1841453c40d51add8ce3a76599a0c02534a",
                "sha256:be4dfa2518d336341162a217708ca18451b54db59b54c7685357d11efa00baac",
                "sha256:c2aad6b3068a1dc9ccfd6bdc38886bd1ffa0bd96a429f3f05c1b97b2363095fa",
                "sha256:c8060993f7628c9b445b6bb2080cf5fef8869e6e9fbd75398756f5b910528dda",
                "sha256:d08cd4b228d7087fd172b9b48d5ebc1c763b6c1fbda26369776d5b274f1c73b4",
                "sha256:d42a4342cbdb2c6452b6482f0e59a5043ca0c4c41ac6d48d1cb382c0257f9b85",
                "sha256:dda6066046096aeb23c7fa7f7bef519316a8eb1f6e46b0859cdc614c03054d08",
                "sha256:e277d538c531407f4926f8bfe4d06389b2a3fff9671000e11f2f2aa10cadce41",
                "sha256:ebade58f5430ee2a597b56080cfff800389016c02aa33f394f2796d73e5d52d4",
                "sha256:f136ef89acc19bb855f53ad29a768ecfbafcc22bd355eec8c17164c2735c5ecc"
            ],
            "version": "==7.0.7.99.0.0"
        },
        "epicsdbbuilder": {
            "hashes": [
                "sha256:40e01ca308b667d17b31dc1907816df20c31b389415268d9ec6e2be6c3b8f283",
                "sha256:ae8dc724c72478d2c6a68b08145d027a50af98702d17e4692f2d73f145818e74"
            ],
            "version": "==1.5"
        },
        "exceptiongroup": {
            "hashes": [
                "sha256:327cbda3da756e2de031a3107b81ab7b3770a602c4d16ca618298c526f4bec1e",
                "sha256:bcb67d800a4497e1b404c2dd44fca47d3b7a5e5433dbab67f96c1a685cdfdf23"
            ],
            "markers": "python_version < '3.11'",
            "version": "==1.1.0"
        },
        "flake8": {
            "hashes": [
                "sha256:6fbe320aad8d6b95cec8b8e47bc933004678dc63095be98528b7bdd2a9f510db",
                "sha256:7a1cf6b73744f5806ab95e526f6f0d8c01c66d7bbe349562d22dfca20610b248"
            ],
            "version": "==5.0.4"
        },
        "idna": {
            "hashes": [
                "sha256:814f528e8dead7d329833b91c5faa87d60bf71824cd12a7530b5526063d02cb4",
                "sha256:90b77e79eaa3eba6de819a0c442c0b4ceefc341a7a2ab77d7562bf49f425c5c2"
            ],
            "version": "==3.4"
        },
        "imagesize": {
            "hashes": [
                "sha256:0d8d18d08f840c19d0ee7ca1fd82490fdc3729b7ac93f49870406ddde8ef8d8b",
                "sha256:69150444affb9cb0d5cc5a92b3676f0b2fb7cd9ae39e947a5e11a36b4497cd4a"
            ],
            "version": "==1.4.1"
        },
        "importlib-metadata": {
            "hashes": [
                "sha256:8c501196e49fb9df5df43833bdb1e4328f64847763ec8a50703148b73784d581",
                "sha256:d7eb1dea6d6a6086f8be21784cc9e3bcfa55872b52309bc5fad53a8ea444465d"
            ],
            "markers": "python_version < '3.8' and python_version < '3.8'",
            "version": "==4.0.1"
        },
        "iniconfig": {
            "hashes": [
                "sha256:2d91e135bf72d31a410b17c16da610a82cb55f6b0477d1a902134b24a455b8b3",
                "sha256:b6a85871a79d2e3b22d2d1b94ac2824226a63c6b741c88f7ae975f18b6778374"
            ],
            "version": "==2.0.0"
        },
        "jinja2": {
            "hashes": [
                "sha256:31351a702a408a9e7595a8fc6150fc3f43bb6bf7e319770cbc0db9df9437e852",
                "sha256:6088930bfe239f0e6710546ab9c19c9ef35e29792895fed6e6e31a023a182a61"
            ],
            "version": "==3.1.2"
        },
        "markupsafe": {
            "hashes": [
                "sha256:0212a68688482dc52b2d45013df70d169f542b7394fc744c02a57374a4207003",
                "sha256:089cf3dbf0cd6c100f02945abeb18484bd1ee57a079aefd52cffd17fba910b88",
                "sha256:10c1bfff05d95783da83491be968e8fe789263689c02724e0c691933c52994f5",
                "sha256:33b74d289bd2f5e527beadcaa3f401e0df0a89927c1559c8566c066fa4248ab7",
                "sha256:3799351e2336dc91ea70b034983ee71cf2f9533cdff7c14c90ea126bfd95d65a",
                "sha256:3ce11ee3f23f79dbd06fb3d63e2f6af7b12db1d46932fe7bd8afa259a5996603",
                "sha256:421be9fbf0ffe9ffd7a378aafebbf6f4602d564d34be190fc19a193232fd12b1",
                "sha256:43093fb83d8343aac0b1baa75516da6092f58f41200907ef92448ecab8825135",
                "sha256:46d00d6cfecdde84d40e572d63735ef81423ad31184100411e6e3388d405e247",
                "sha256:4a33dea2b688b3190ee12bd7cfa29d39c9ed176bda40bfa11099a3ce5d3a7ac6",
                "sha256:4b9fe39a2ccc108a4accc2676e77da025ce383c108593d65cc909add5c3bd601",
                "sha256:56442863ed2b06d19c37f94d999035e15ee982988920e12a5b4ba29b62ad1f77",
                "sha256:671cd1187ed5e62818414afe79ed29da836dde67166a9fac6d435873c44fdd02",
                "sha256:694deca8d702d5db21ec83983ce0bb4b26a578e71fbdbd4fdcd387daa90e4d5e",
                "sha256:6a074d34ee7a5ce3effbc526b7083ec9731bb3cbf921bbe1d3005d4d2bdb3a63",
                "sha256:6d0072fea50feec76a4c418096652f2c3238eaa014b2f94aeb1d56a66b41403f",
                "sha256:6fbf47b5d3728c6aea2abb0589b5d30459e369baa772e0f37a0320185e87c980",
                "sha256:7f91197cc9e48f989d12e4e6fbc46495c446636dfc81b9ccf50bb0ec74b91d4b",
                "sha256:86b1f75c4e7c2ac2ccdaec2b9022845dbb81880ca318bb7a0a01fbf7813e3812",
                "sha256:8dc1c72a69aa7e082593c4a203dcf94ddb74bb5c8a731e4e1eb68d031e8498ff",
                "sha256:8e3dcf21f367459434c18e71b2a9532d96547aef8a871872a5bd69a715c15f96",
                "sha256:8e576a51ad59e4bfaac456023a78f6b5e6e7651dcd383bcc3e18d06f9b55d6d1",
                "sha256:96e37a3dc86e80bf81758c152fe66dbf60ed5eca3d26305edf01892257049925",
                "sha256:97a68e6ada378df82bc9f16b800ab77cbf4b2fada0081794318520138c088e4a",
                "sha256:99a2a507ed3ac881b975a2976d59f38c19386d128e7a9a18b7df6fff1fd4c1d6",
                "sha256:a49907dd8420c5685cfa064a1335b6754b74541bbb3706c259c02ed65b644b3e",
                "sha256:b09bf97215625a311f669476f44b8b318b075847b49316d3e28c08e41a7a573f",
                "sha256:b7bd98b796e2b6553da7225aeb61f447f80a1ca64f41d83612e6139ca5213aa4",
                "sha256:b87db4360013327109564f0e591bd2a3b318547bcef31b468a92ee504d07ae4f",
                "sha256:bcb3ed405ed3222f9904899563d6fc492ff75cce56cba05e32eff40e6acbeaa3",
                "sha256:d4306c36ca495956b6d568d276ac11fdd9c30a36f1b6eb928070dc5360b22e1c",
                "sha256:d5ee4f386140395a2c818d149221149c54849dfcfcb9f1debfe07a8b8bd63f9a",
                "sha256:dda30ba7e87fbbb7eab1ec9f58678558fd9a6b8b853530e176eabd064da81417",
                "sha256:e04e26803c9c3851c931eac40c695602c6295b8d432cbe78609649ad9bd2da8a",
                "sha256:e1c0b87e09fa55a220f058d1d49d3fb8df88fbfab58558f1198e08c1e1de842a",
                "sha256:e72591e9ecd94d7feb70c1cbd7be7b3ebea3f548870aa91e2732960fa4d57a37",
                "sha256:e8c843bbcda3a2f1e3c2ab25913c80a3c5376cd00c6e8c4a86a89a28c8dc5452",
                "sha256:efc1913fd2ca4f334418481c7e595c00aad186563bbc1ec76067848c7ca0a933",
                "sha256:f121a1420d4e173a5d96e47e9a0c0dcff965afdf1626d28de1460815f7c4ee7a",
                "sha256:fc7b548b17d238737688817ab67deebb30e8073c95749d55538ed473130ec0c7"
            ],
            "version": "==2.1.1"
        },
        "mccabe": {
            "hashes": [
                "sha256:348e0240c33b60bbdf4e523192ef919f28cb2c3d7d5c7794f74009290f236325",
                "sha256:6c2d30ab6be0e4a46919781807b4f0d834ebdd6c6e3dca0bda5a15f863427b6e"
            ],
            "version": "==0.7.0"
        },
        "nose2": {
            "hashes": [
                "sha256:956e79b9bd558ee08b6200c05ad2c76465b7e3860c0c0537686089285c320113",
                "sha256:da7eb5e3cbe2abb693a053e17b4fbefca98ea9ea79fc729b0b0f41e8b4196304"
            ],
            "version": "==0.12.0"
        },
        "numpy": {
            "hashes": [
                "sha256:1dbe1c91269f880e364526649a52eff93ac30035507ae980d2fed33aaee633ac",
                "sha256:357768c2e4451ac241465157a3e929b265dfac85d9214074985b1786244f2ef3",
                "sha256:3820724272f9913b597ccd13a467cc492a0da6b05df26ea09e78b171a0bb9da6",
                "sha256:4391bd07606be175aafd267ef9bea87cf1b8210c787666ce82073b05f202add1",
                "sha256:4aa48afdce4660b0076a00d80afa54e8a97cd49f457d68a4342d188a09451c1a",
                "sha256:58459d3bad03343ac4b1b42ed14d571b8743dc80ccbf27444f266729df1d6f5b",
                "sha256:5c3c8def4230e1b959671eb959083661b4a0d2e9af93ee339c7dada6759a9470",
                "sha256:5f30427731561ce75d7048ac254dbe47a2ba576229250fb60f0fb74db96501a1",
                "sha256:643843bcc1c50526b3a71cd2ee561cf0d8773f062c8cbaf9ffac9fdf573f83ab",
                "sha256:67c261d6c0a9981820c3a149d255a76918278a6b03b6a036800359aba1256d46",
                "sha256:67f21981ba2f9d7ba9ade60c9e8cbaa8cf8e9ae51673934480e45cf55e953673",
                "sha256:6aaf96c7f8cebc220cdfc03f1d5a31952f027dda050e5a703a0d1c396075e3e7",
                "sha256:7c4068a8c44014b2d55f3c3f574c376b2494ca9cc73d2f1bd692382b6dffe3db",
                "sha256:7c7e5fa88d9ff656e067876e4736379cc962d185d5cd808014a8a928d529ef4e",
                "sha256:7f5ae4f304257569ef3b948810816bc87c9146e8c446053539947eedeaa32786",
                "sha256:82691fda7c3f77c90e62da69ae60b5ac08e87e775b09813559f8901a88266552",
                "sha256:8737609c3bbdd48e380d463134a35ffad3b22dc56295eff6f79fd85bd0eeeb25",
                "sha256:9f411b2c3f3d76bba0865b35a425157c5dcf54937f82bbeb3d3c180789dd66a6",
                "sha256:a6be4cb0ef3b8c9250c19cc122267263093eee7edd4e3fa75395dfda8c17a8e2",
                "sha256:bcb238c9c96c00d3085b264e5c1a1207672577b93fa666c3b14a45240b14123a",
                "sha256:bf2ec4b75d0e9356edea834d1de42b31fe11f726a81dfb2c2112bc1eaa508fcf",
                "sha256:d136337ae3cc69aa5e447e78d8e1514be8c3ec9b54264e680cf0b4bd9011574f",
                "sha256:d4bf4d43077db55589ffc9009c0ba0a94fa4908b9586d6ccce2e0b164c86303c",
                "sha256:d6a96eef20f639e6a97d23e57dd0c1b1069a7b4fd7027482a4c5c451cd7732f4",
                "sha256:d9caa9d5e682102453d96a0ee10c7241b72859b01a941a397fd965f23b3e016b",
                "sha256:dd1c8f6bd65d07d3810b90d02eba7997e32abbdf1277a481d698969e921a3be0",
                "sha256:e31f0bb5928b793169b87e3d1e070f2342b22d5245c755e2b81caa29756246c3",
                "sha256:ecb55251139706669fdec2ff073c98ef8e9a84473e51e716211b41aa0f18e656",
                "sha256:ee5ec40fdd06d62fe5d4084bef4fd50fd4bb6bfd2bf519365f569dc470163ab0",
                "sha256:f17e562de9edf691a42ddb1eb4a5541c20dd3f9e65b09ded2beb0799c0cf29bb",
                "sha256:fdffbfb6832cd0b300995a2b08b8f6fa9f6e856d562800fea9182316d99c4e8e"
            ],
            "version": "==1.21.6"
        },
        "p4p": {
            "hashes": [
                "sha256:0c2251ffe80d1ecedcbe868ad8f24ddf43002f5db7d74435440750e9c61553a1",
                "sha256:0c59152c030ff49420c09dbb540f8eed11bbc38b4219ea1433d7a71126f5ea0b",
                "sha256:0facfa4a19ad7e11a7a77491a64bd4a44bc16b47d449fed9b6c34a4334fd9eb7",
                "sha256:24eb3f635b81bf87b397c7c00ae28f57bfc757973947f1a49f878c0fd0ca67db",
                "sha256:2c98faefda60bb4552bb247b941e738ae9500207880f1315b5b05c00783f8579",
                "sha256:3486870b42d6c9c5a9ab4dd66da2d0ecc4ce0c078abc2d61e44d3177875f4395",
                "sha256:5724569c3b36d6a2c445f9ab6d07d9c0c6aef59b1e2661b36a5428272ab50c56",
                "sha256:61e9bfd55697b88e29f8fb56897d21762ed6889e2ce48409727ea1a070dfaed5",
                "sha256:65ae33282a8b93d959e28019f0a7c98c806c6b519f17fb4dd3870109c3b6efef",
                "sha256:82ea335a7a1f4455a2b6c687e656f95a9ccf99ade32d867445d5c60d0205088f",
                "sha256:860a480ab64b1dbc356748cee1f926486c78a83ea6d8cf2fde8a1aefebfc2548",
                "sha256:8b61af7a81cefbb5da62b2d760dddcd373681d0acaa14060410212421df7eea2",
                "sha256:9d2bd8429af051698d9a66af018fa8ce9d122b7d54ddedbe9b2956a71a9c59a8",
                "sha256:a0a330ed304193ecd320594c77b3dd2ed3b37a809a98ebd1c51f1d02ba552066",
                "sha256:a203663e3c895ea525b500121af72322d55234e411784bf6f712c596e599ca1f",
                "sha256:ace6da97648cdd348b526ffa0efecdd667fc034b0a06492670479fcc8f41ab54",
                "sha256:b52d90768e2c645643646b92422f4c6dd43a1f06eb15fcce6485ce33f828ce18",
                "sha256:b5d109cba3c915ffed1bf055f0ed0ff3e5974d525cb6554c57ac286454dde145",
                "sha256:bd348f346facd9c6ca7671ee919b70e658bd46347080467e8e665c9a853d1725",
                "sha256:cc8ecc94a2850f336ae16d81b1bf36705b02ad2c43a957e6ba820eec80f6e78a",
                "sha256:d08264792e81b66b6a718f7604b2aff40a500ca9721e921c4aac0e582d02eeba",
                "sha256:d38afc19d2fe0e144a415d6aeaa594bf351cd30672a54768cadc63859be0e85b",
                "sha256:d7541655de0d215eb3b165cfd4dd0ee9c5dd91ce0eac452fd469dc3af54951f2",
                "sha256:df290880b0d2f08701baf0d6a184c55ad7d54e81f34574eaf0f1d71a3571a20d",
                "sha256:e17dcd5429ceefba2441a97f41485dd0c8861088da3b6f8a554b684eb458b757",
                "sha256:e3daea1cc35863b44a985a125f779fc6de70754421eca8a0e776466d9b08d600",
                "sha256:e51db129edc77395c4fb81efdf7d72d3fc195e3d12659d7897c9386dfcccc391",
                "sha256:f476b8fd84699769eeae3a091e84d0ff12e799b8b524c4b98d2eef437825628d"
            ],
            "version": "==4.1.2"
        },
        "packaging": {
            "hashes": [
                "sha256:714ac14496c3e68c99c29b00845f7a2b85f3bb6f1078fd9f72fd20f0570002b2",
                "sha256:b6ad297f8907de0fa2fe1ccbd26fdaf387f5f47c7275fedf8cce89f99446cf97"
            ],
            "version": "==23.0"
        },
        "pluggy": {
            "hashes": [
                "sha256:4224373bacce55f955a878bf9cfa763c1e360858e330072059e10bad68531159",
                "sha256:74134bbf457f031a36d68416e1509f34bd5ccc019f0bcc952c7b909d06b37bd3"
            ],
            "version": "==1.0.0"
        },
        "ply": {
            "hashes": [
                "sha256:00c7c1aaa88358b9c765b6d3000c6eec0ba42abca5351b095321aef446081da3",
                "sha256:096f9b8350b65ebd2fd1346b12452efe5b9607f7482813ffca50c22722a807ce"
            ],
            "version": "==3.11"
        },
        "pvxslibs": {
            "hashes": [
                "sha256:01b5b6f81cb08cd04eca7dde25d9ef754c1b695e160f1f82984338e5e0ec58f8",
                "sha256:043422f9c3b65b948ced6f1c38eaaa37608016d8ed1ae12cd6d062a5b1fae407",
                "sha256:10d0c9eae64fdf443ed2655aee3f0045d5dc98a10ff7e8335cc57c5ed1461bbd",
                "sha256:1122768ef3576f61a03797a1906484370ab816f40049841c4e4080205655ec96",
                "sha256:2a8decd43edaae5bfcd80cb3db492e9041cd54f845145a84096599f4aad3125f",
                "sha256:2c2fe3ed9f39cdf34f2c93c9dffa561a2e847f1d9483ee91846ce033a315d0aa",
                "sha256:30e6b91cebcc60bdf0865ae0b6a0888458eb2c6d0cb5f526651c5a169034e12c",
                "sha256:3385ebbfd8d6fe143df96afd273b4710b4d75defc2309cad01e66431ba9a21f0",
                "sha256:37e87429b30fc836375fc3cbd2d0323be5e4f7a00540f101deed616a932a49f1",
                "sha256:3cf602bb07e3b3b81c1641e30564a154336e29b755f96580e78eea0ca8fbfe90",
                "sha256:473c020d7cedcdeea7cad63a1998ae7655a4602795ff45def8b47fe3501b8ddb",
                "sha256:4cd7275cacec03d69e3b67cf43aef593fd6364b94e71df2c1f80a03b1ef93d80",
                "sha256:60d75b61d7c4ef092fb3f4dc3938d5df6445549f0fee204435ce009591dede3e",
                "sha256:699c49fdca1f9a619732641a8e762a002ad16e2b5ce176c9316a75d1f24ce394",
                "sha256:6f117cb90d457ab39dc0ad6339f96a0a2e3e65f8e0c17354f7051c21f4e822a9",
                "sha256:709534ce67992b4505be951e5624e72b4d7a44ddc485b812c7b79b988e219298",
                "sha256:79b5365268ec324ff6eaba641e798ff7be37441a77f4a9d11f5c4369ec0d61cc",
                "sha256:8065f16dad9b77abbc72a557ede64f5593842c0dc94b875b228fbd1e07defd77",
                "sha256:8300c58ed23c5ed1376a3300558e28f1411ff99ce39cd049fac35fd0549b5e1b",
                "sha256:90b3b070a8eb938d5bdfe27f4327f970b560d5c5d639111fc1093c5fd5eb69a6",
                "sha256:930f0e18e9cf7520d3ece638a5c18e89426ea826fdde56846097432182adbcab",
                "sha256:bedbe2da8a57747d41b697e0043bb7ff636f19c15b9af2994cfe52ab82b5179d",
                "sha256:cf5185c8a87c170ac9c62e98cece01a35602e474135cb2577b9e610b62bcc889",
                "sha256:e6793320e0619b09c0e505247d556bdc15250ad89688e6cac3f9934807f3b943",
                "sha256:e7badd5aa0e2d16a44836133d5b9183dcfeb987d88ce657d9265d572e481848c",
                "sha256:e8b3adafbbb56b7a117c9d8ce7cb5f2dfd1867f9d4db312d233d1dd6a798407d",
                "sha256:f89593bae2826953febc810f4f576de16539c616a6c2a3481dcf825e6c548955",
                "sha256:ffcfffe80c0111789c8199df8b1a7b31030f71dcd64d3f7cad57ae857fc4608a"
            ],
            "version": "==1.0.0"
        },
        "pycodestyle": {
            "hashes": [
                "sha256:2c9607871d58c76354b697b42f5d57e1ada7d261c261efac224b664affdc5785",
                "sha256:d1735fc58b418fd7c5f658d28d943854f8a849b01a5d0a1e6f3f3fdd0166804b"
            ],
            "version": "==2.9.1"
        },
        "pyflakes": {
            "hashes": [
                "sha256:4579f67d887f804e67edb544428f264b7b24f435b263c4614f384135cea553d2",
                "sha256:491feb020dca48ccc562a8c0cbe8df07ee13078df59813b83959cbdada312ea3"
            ],
            "version": "==2.5.0"
        },
        "pygments": {
            "hashes": [
                "sha256:56a8508ae95f98e2b9bdf93a6be5ae3f7d8af858b43e02c5a2ff083726be40c1",
                "sha256:f643f331ab57ba3c9d89212ee4a2dabc6e94f117cf4eefde99a0574720d14c42"
            ],
            "version": "==2.13.0"
        },
        "pytest": {
            "hashes": [
                "sha256:c7c6ca206e93355074ae32f7403e8ea12163b1163c976fee7d4d84027c162be5",
                "sha256:d45e0952f3727241918b8fd0f376f5ff6b301cc0777c6f9a556935c92d8a7d42"
            ],
            "version": "==7.2.1"
        },
        "pytest-asyncio": {
            "hashes": [
                "sha256:6d895b02432c028e6957d25fc936494e78c6305736e785d9fee408b1efbc7ff4",
                "sha256:e0fe5dbea40516b661ef1bcfe0bd9461c2847c4ef4bb40012324f2454fb7d56d"
            ],
            "version": "==0.17.2"
        },
        "pytest-cov": {
            "hashes": [
                "sha256:2feb1b751d66a8bd934e5edfa2e961d11309dc37b73b0eabe73b5945fee20f6b",
                "sha256:996b79efde6433cdbd0088872dbc5fb3ed7fe1578b68cdbba634f14bb8dd0470"
            ],
            "version": "==4.0.0"
        },
        "pytest-flake8": {
            "hashes": [
                "sha256:ba4f243de3cb4c2486ed9e70752c80dd4b636f7ccb27d4eba763c35ed0cd316e",
                "sha256:e0661a786f8cbf976c185f706fdaf5d6df0b1667c3bcff8e823ba263618627e7"
            ],
            "version": "==1.1.1"
        },
        "pytz": {
            "hashes": [
                "sha256:2c0784747071402c6e99f0bafdb7da0fa22645f06554c7ae06bf6358897e9c91",
                "sha256:48ce799d83b6f8aab2020e369b627446696619e79645419610b9facd909b3174"
            ],
            "version": "==2022.4"
        },
        "requests": {
            "hashes": [
                "sha256:7c5599b102feddaa661c826c56ab4fee28bfd17f5abca1ebbe3e7f19d7c97983",
                "sha256:8fefa2a1a1365bf5520aac41836fbee479da67864514bdb821f31ce07ce65349"
            ],
            "version": "==2.28.1"
        },
        "setuptools-dso": {
            "hashes": [
                "sha256:46f20b0ec32c3264e6d12e1d0347b80df50bb1dc94c825bea902763e1ea9e05f",
                "sha256:67bd27feb2014a253ab026d2b2052c181e1e84fc602780e7fde746c45f602cf5"
            ],
            "version": "==2.5"
        },
        "snowballstemmer": {
            "hashes": [
                "sha256:09b16deb8547d3412ad7b590689584cd0fe25ec8db3be37788be3810cbf19cb1",
                "sha256:c8e1716e83cc398ae16824e5572ae04e0d9fc2c6b985fb0f900f5f0c96ecba1a"
            ],
            "version": "==2.2.0"
        },
        "softioc": {
            "editable": true,
            "extras": [
                "useful"
            ],
            "path": "."
        },
        "sphinx": {
            "hashes": [
                "sha256:0a8836751a68306b3fe97ecbe44db786f8479c3bf4b80e3a7f5c838657b4698c",
                "sha256:6a11ea5dd0bdb197f9c2abc2e0ce73e01340464feaece525e64036546d24c851"
            ],
            "version": "==4.3.2"
        },
        "sphinx-rtd-theme": {
            "hashes": [
                "sha256:4d35a56f4508cfee4c4fb604373ede6feae2a306731d533f409ef5c3496fdbd8",
                "sha256:eec6d497e4c2195fa0e8b2016b337532b8a699a68bcb22a512870e16925c6a5c"
            ],
            "version": "==1.0.0"
        },
        "sphinx-rtd-theme-github-versions": {
            "hashes": [
                "sha256:0df27ae9a9cd902468c808dbee5a43f4db8ce43cbcf2ecc78d2fe47698bb0ded",
                "sha256:23018e51a5d27ef4f69dd86314f73b19088f2cfd91c74a24db1517832233dc07"
            ],
            "version": "==1.1"
        },
        "sphinxcontrib-applehelp": {
            "hashes": [
                "sha256:806111e5e962be97c29ec4c1e7fe277bfd19e9652fb1a4392105b43e01af885a",
                "sha256:a072735ec80e7675e3f432fcae8610ecf509c5f1869d17e2eecff44389cdbc58"
            ],
            "version": "==1.0.2"
        },
        "sphinxcontrib-devhelp": {
            "hashes": [
                "sha256:8165223f9a335cc1af7ffe1ed31d2871f325254c0423bc0c4c7cd1c1e4734a2e",
                "sha256:ff7f1afa7b9642e7060379360a67e9c41e8f3121f2ce9164266f61b9f4b338e4"
            ],
            "version": "==1.0.2"
        },
        "sphinxcontrib-htmlhelp": {
            "hashes": [
                "sha256:d412243dfb797ae3ec2b59eca0e52dac12e75a241bf0e4eb861e450d06c6ed07",
                "sha256:f5f8bb2d0d629f398bf47d0d69c07bc13b65f75a81ad9e2f71a63d4b7a2f6db2"
            ],
            "version": "==2.0.0"
        },
        "sphinxcontrib-jsmath": {
            "hashes": [
                "sha256:2ec2eaebfb78f3f2078e73666b1415417a116cc848b72e5172e596c871103178",
                "sha256:a9925e4a4587247ed2191a22df5f6970656cb8ca2bd6284309578f2153e0c4b8"
            ],
            "version": "==1.0.1"
        },
        "sphinxcontrib-qthelp": {
            "hashes": [
                "sha256:4c33767ee058b70dba89a6fc5c1892c0d57a54be67ddd3e7875a18d14cba5a72",
                "sha256:bd9fc24bcb748a8d51fd4ecaade681350aa63009a347a8c14e637895444dfab6"
            ],
            "version": "==1.0.3"
        },
        "sphinxcontrib-serializinghtml": {
            "hashes": [
                "sha256:352a9a00ae864471d3a7ead8d7d79f5fc0b57e8b3f95e9867eb9eb28999b92fd",
                "sha256:aa5f6de5dfdf809ef505c4895e51ef5c9eac17d0f287933eb49ec495280b6952"
            ],
            "version": "==1.1.5"
        },
        "tomli": {
            "hashes": [
                "sha256:939de3e7a6161af0c887ef91b7d41a53e7c5a1ca976325f429cb46ea9bc30ecc",
                "sha256:de526c12914f0c550d15924c62d72abc48d6fe7364aa87328337a31007fe8a4f"
            ],
            "version": "==2.0.1"
        },
        "typing-extensions": {
            "hashes": [
                "sha256:5cb5f4a79139d699607b3ef622a1dedafa84e115ab0024e0d9c044a9479ca7cb",
                "sha256:fb33085c39dd998ac16d1431ebc293a8b3eedd00fd4a32de0ff79002c19511b4"
            ],
            "version": "==4.5.0"
        },
        "urllib3": {
            "hashes": [
                "sha256:3fa96cf423e6987997fc326ae8df396db2a8b7c667747d47ddd8ecba91f4a74e",
                "sha256:b930dd878d5a8afb066a637fbb35144fe7901e3b209d1cd4f524bd0e9deee997"
            ],
            "version": "==1.26.12"
        },
        "zipp": {
            "hashes": [
                "sha256:23f70e964bc11a34cef175bc90ba2914e1e4545ea1e3e2f67c079671883f9cb6",
                "sha256:e8b2a36ea17df80ffe9e2c4fda3f693c3dad6df1697d3cd3af232db680950b0b"
            ],
            "version": "==3.13.0"
        }
    }
}
