{
    "_meta": {
        "hash": {
            "sha256": "3de736bf110af1d77f0f31569339aaa126619efb770d1269e4b0e90fce4bb32d"
        },
        "pipfile-spec": 6,
        "requires": {},
        "sources": [
            {
                "name": "pypi",
                "url": "https://pypi.org/simple",
                "verify_ssl": true
            }
        ]
    },
    "default": {
        "aioca": {
            "hashes": [
                "sha256:34621c9952f6cd94b061871264ce592d693dd91b88cf77f3e297d7de37c546ae",
                "sha256:94e7b6946ca71e27b57c0fe65a747634a2dc487e15f8a020ae8c2b14b29fe79d"
            ],
            "version": "==1.3"
        },
        "cothread": {
            "hashes": [
                "sha256:50cf5b5a65e7fcfd113f06c2d6b1f363e37b0caee412c75ac7608377aa0bd10a"
            ],
            "version": "==2.17"
        },
        "epicscorelibs": {
            "hashes": [
                "sha256:01d45ae25d844afe71893838f36ea649ccc3e1e72a96076b33242437efb1ce13",
                "sha256:0269ba469aa8117d86e865b09e9f3b3afdb891f5f544a90d8af037039015b995",
                "sha256:1c6f00360ab2e89081c031ff499f5695bd687102a561160cf6304b64cf325ca5",
                "sha256:1cbed1cb9b7fa3744723dfb78a1aaa7ff9d475e9dee6e6e21ebb1e682421cd35",
                "sha256:223515de1da16fd7a06892e41a1e5bc870b57bbf1a0a4ac3dc3e069b647d7313",
                "sha256:329179971288722eb7f7d085fced198ff30468cc225d9677f08175074680b4ef",
                "sha256:32f91502afa9639fe576fa5bfa137352ee04f929d2887a2c7c169c24c0658808",
                "sha256:3c8958b7c3385dc190948af429a7c10d18e71142d749776250341e1db6b3d05b",
                "sha256:3eb16a21760110e0d159e7ee0f97a36250a83abc0ca6ec08806d4ad148c48761",
                "sha256:3f07babd8ff1c7499cbe9f95dd80a8cbee45f9f38bda2f6c72855c4c647d2dc7",
                "sha256:5766a0dafcd02af7ecead064d5502282eac1c66afdddf7235ae822228eedac11",
                "sha256:5a18ab11d8a565b9ea9e035218b5ac44b86d21162d7260ecb54fad43f506d70f",
                "sha256:64dd24d80b8dd1bca73ce8ffe0673306cf7018dba61883bd1b7b4ff179ac0623",
                "sha256:773d51ade8a9c44333a56aae1224afe4c238750643c5a05a461186d9ce7f4cf6",
                "sha256:86921315b855993c0316eb938586c8b99acc21ba5ed26ac0cb66d32e1682f89b",
                "sha256:941643c2e90665305deddc4a7fe99dceb5488c80d1c31bd4a96169a92adea73f",
                "sha256:9a4b401e22a96b9cacc2429f67179fed4a1414e5629f78865d6c63d92ec19439",
                "sha256:9be6cf03ad466812cd659fa2a6af1c8efd33946abdf0a2c5f8901df2289f2dda",
                "sha256:a9e07998cca913e6cf5f448c37dc1c2f29acc5fec4aca19ed80cd127b65e5d69",
                "sha256:ac260dbd4b28a53c8ebac4f902d03448432b46d3fff7809488a63263b7efbd05",
                "sha256:b0d606a0c0c020387136b1b19091d661b1b2f5763377d6a0b13152351f42ad53",
                "sha256:b64b38b4f48601054a7bd0423d1559c1a2281cb962fd4cd4c1088f49ac29b2b7",
                "sha256:b69e91fe38f818a71fd4fbf22ac17d577bdce914d4940883586e57d629030328",
                "sha256:c3deebf918866f5bdd4fbc5f52b1c89c96121619573698442876eecdf1f9a985",
                "sha256:cbb5a14534e68eb2a10904ba020191c858860f2dfebbdff969d160a29020724e",
                "sha256:d729c35c29681acc3b666e59f041e6bd228c931b8303507bb046e331e5f11f67",
                "sha256:f165e4754249ee12bd38ba68ed72dc27764b28a02654c224c690f68b95519455",
                "sha256:f40ae0290be4d84c560f848f4b0340b3c9ff466bd52fcbd11899199fa0be9b4b"
            ],
            "version": "==7.0.6.99.2.0"
        },
        "epicsdbbuilder": {
            "hashes": [
                "sha256:40e01ca308b667d17b31dc1907816df20c31b389415268d9ec6e2be6c3b8f283",
                "sha256:ae8dc724c72478d2c6a68b08145d027a50af98702d17e4692f2d73f145818e74"
            ],
            "version": "==1.5"
        },
        "numpy": {
            "hashes": [
                "sha256:00c9fa73a6989895b8815d98300a20ac993c49ac36c8277e8ffeaa3631c0dbbb",
                "sha256:025b497014bc33fc23897859350f284323f32a2fff7654697f5a5fc2a19e9939",
                "sha256:08de8472d9f7571f9d51b27b75e827f5296295fa78817032e84464be8bb905bc",
                "sha256:1964db2d4a00348b7a60ee9d013c8cb0c566644a589eaa80995126eac3b99ced",
                "sha256:2a9add27d7fc0fdb572abc3b2486eb3b1395da71e0254c5552b2aad2a18b5441",
                "sha256:2d8adfca843bc46ac199a4645233f13abf2011a0b2f4affc5c37cd552626f27b",
                "sha256:301e408a052fdcda5cdcf03021ebafc3c6ea093021bf9d1aa47c54d48bdad166",
                "sha256:311283acf880cfcc20369201bd75da907909afc4666966c7895cbed6f9d2c640",
                "sha256:341dddcfe3b7b6427a28a27baa59af5ad51baa59bfec3264f1ab287aa3b30b13",
                "sha256:3a5098df115340fb17fc93867317a947e1dcd978c3888c5ddb118366095851f8",
                "sha256:3c978544be9e04ed12016dd295a74283773149b48f507d69b36f91aa90a643e5",
                "sha256:3d893b0871322eaa2f8c7072cdb552d8e2b27645b7875a70833c31e9274d4611",
                "sha256:4fe6a006557b87b352c04596a6e3f12a57d6e5f401d804947bd3188e6b0e0e76",
                "sha256:507c05c7a37b3683eb08a3ff993bd1ee1e6c752f77c2f275260533b265ecdb6c",
                "sha256:58ca1d7c8aef6e996112d0ce873ac9dfa1eaf4a1196b4ff7ff73880a09923ba7",
                "sha256:61bada43d494515d5b122f4532af226fdb5ee08fe5b5918b111279843dc6836a",
                "sha256:69a5a8d71c308d7ef33ef72371c2388a90e3495dbb7993430e674006f94797d5",
                "sha256:6a5928bc6241264dce5ed509e66f33676fc97f464e7a919edc672fb5532221ee",
                "sha256:7b9d6b14fc9a4864b08d1ba57d732b248f0e482c7b2ff55c313137e3ed4d8449",
                "sha256:a7c4b701ca418cd39e28ec3b496e6388fe06de83f5f0cb74794fa31cfa384c02",
                "sha256:a7e8f6216f180f3fd4efb73de5d1eaefb5f5a1ee5b645c67333033e39440e63a",
                "sha256:b545ebadaa2b878c8630e5bcdb97fc4096e779f335fc0f943547c1c91540c815",
                "sha256:c293d3c0321996cd8ffe84215ffe5d269fd9d1d12c6f4ffe2b597a7c30d3e593",
                "sha256:c5562bcc1a9b61960fc8950ade44d00e3de28f891af0acc96307c73613d18f6e",
                "sha256:ca9c23848292c6fe0a19d212790e62f398fd9609aaa838859be8459bfbe558aa",
                "sha256:cc1b30205d138d1005adb52087ff45708febbef0e420386f58664f984ef56954",
                "sha256:dbce7adeb66b895c6aaa1fad796aaefc299ced597f6fbd9ceddb0dd735245354",
                "sha256:dc4b2fb01f1b4ddbe2453468ea0719f4dbb1f5caa712c8b21bb3dd1480cd30d9",
                "sha256:eed2afaa97ec33b4411995be12f8bdb95c87984eaa28d76cf628970c8a2d689a",
                "sha256:fc7a7d7b0ed72589fd8b8486b9b42a564f10b8762be8bd4d9df94b807af4a089"
            ],
            "version": "==1.21.5"
        },
        "scipy": {
            "hashes": [
                "sha256:01b38dec7e9f897d4db04f8de4e20f0f5be3feac98468188a0f47a991b796055",
                "sha256:10dbcc7de03b8d635a1031cb18fd3eaa997969b64fdf78f99f19ac163a825445",
                "sha256:19aeac1ad3e57338723f4657ac8520f41714804568f2e30bd547d684d72c392e",
                "sha256:1b21c6e0dc97b1762590b70dee0daddb291271be0580384d39f02c480b78290a",
                "sha256:1caade0ede6967cc675e235c41451f9fb89ae34319ddf4740194094ab736b88d",
                "sha256:23995dfcf269ec3735e5a8c80cfceaf384369a47699df111a6246b83a55da582",
                "sha256:2a799714bf1f791fb2650d73222b248d18d53fd40d6af2df2c898db048189606",
                "sha256:3274ce145b5dc416c49c0cf8b6119f787f0965cd35e22058fe1932c09fe15d77",
                "sha256:33d1677d46111cfa1c84b87472a0274dde9ef4a7ef2e1f155f012f5f1e995d8f",
                "sha256:44d452850f77e65e25b1eb1ac01e25770323a782bfe3a1a3e43847ad4266d93d",
                "sha256:9e3302149a369697c6aaea18b430b216e3c88f9a61b62869f6104881e5f9ef85",
                "sha256:a75b014d3294fce26852a9d04ea27b5671d86736beb34acdfc05859246260707",
                "sha256:ad7269254de06743fb4768f658753de47d8b54e4672c5ebe8612a007a088bd48",
                "sha256:b30280fbc1fd8082ac822994a98632111810311a9ece71a0e48f739df3c555a2",
                "sha256:b79104878003487e2b4639a20b9092b02e1bad07fc4cf924b495cf413748a777",
                "sha256:d449d40e830366b4c612692ad19fbebb722b6b847f78a7b701b1e0d6cda3cc13",
                "sha256:d647757373985207af3343301d89fe738d5a294435a4f2aafb04c13b4388c896",
                "sha256:f68eb46b86b2c246af99fcaa6f6e37c7a7a413e1084a794990b877f2ff71f7b6",
                "sha256:fdf606341cd798530b05705c87779606fcdfaf768a8129c348ea94441da15b04"
            ],
            "version": "==1.6.3"
        },
        "setuptools-dso": {
            "hashes": [
                "sha256:10f0e4eab7bf6789f76a5544f15a1be0f285413652b7d3d7ac11203ce72569d5",
                "sha256:bcf27777d7fc39359ab56c5a393c0aa62ae7bc84f30d1f36a40d6143f0af14b0"
            ],
            "version": "==2.1"
        },
        "softioc": {
            "editable": true,
            "extras": [
                "useful"
            ],
            "path": "."
        },
        "typing-extensions": {
            "hashes": [
                "sha256:4ca091dea149f945ec56afb48dae714f21e8692ef22a395223bcd328961b6a0e",
                "sha256:7f001e5ac290a0c0401508864c7ec868be4e701886d5b573a9528ed3973d9d3b"
            ],
            "version": "==4.0.1"
        }
    },
    "develop": {
        "aioca": {
            "hashes": [
                "sha256:34621c9952f6cd94b061871264ce592d693dd91b88cf77f3e297d7de37c546ae",
                "sha256:94e7b6946ca71e27b57c0fe65a747634a2dc487e15f8a020ae8c2b14b29fe79d"
            ],
            "version": "==1.3"
        },
        "alabaster": {
            "hashes": [
                "sha256:446438bdcca0e05bd45ea2de1668c1d9b032e1a9154c2c259092d77031ddd359",
                "sha256:a661d72d58e6ea8a57f7a86e37d86716863ee5e92788398526d58b26a4e4dc02"
            ],
            "version": "==0.7.12"
        },
        "attrs": {
            "hashes": [
                "sha256:149e90d6d8ac20db7a955ad60cf0e6881a3f20d37096140088356da6c716b0b1",
                "sha256:ef6aaac3ca6cd92904cdd0d83f629a15f18053ec84e6432106f7a4d04ae4f5fb"
            ],
            "version": "==21.2.0"
        },
        "babel": {
            "hashes": [
                "sha256:ab49e12b91d937cd11f0b67cb259a57ab4ad2b59ac7a3b41d6c06c0ac5b0def9",
                "sha256:bc0c176f9f6a994582230df350aa6e05ba2ebe4b3ac317eab29d9be5d2768da0"
            ],
            "version": "==2.9.1"
        },
        "certifi": {
            "hashes": [
                "sha256:78884e7c1d4b00ce3cea67b44566851c4343c120abd683433ce934a68ea58872",
                "sha256:d62a0163eb4c2344ac042ab2bdf75399a71a2d8c7d47eac2e2ee91b9d6339569"
            ],
            "version": "==2021.10.8"
        },
        "charset-normalizer": {
            "hashes": [
                "sha256:e019de665e2bcf9c2b64e2e5aa025fa991da8720daa3c1138cadd2fd1856aed0",
                "sha256:f7af805c321bfa1ce6714c51f254e0d5bb5e5834039bc17db7ebe3a4cec9492b"
            ],
            "markers": "python_version >= '3'",
            "version": "==2.0.7"
        },
        "cothread": {
            "hashes": [
                "sha256:50cf5b5a65e7fcfd113f06c2d6b1f363e37b0caee412c75ac7608377aa0bd10a"
            ],
            "version": "==2.17"
        },
        "coverage": {
            "extras": [
                "toml"
            ],
            "hashes": [
                "sha256:0147f7833c41927d84f5af9219d9b32f875c0689e5e74ac8ca3cb61e73a698f9",
                "sha256:04a92a6cf9afd99f9979c61348ec79725a9f9342fb45e63c889e33c04610d97b",
                "sha256:10ab138b153e4cc408b43792cb7f518f9ee02f4ff55cd1ab67ad6fd7e9905c7e",
                "sha256:2e5b9c17a56b8bf0c0a9477fcd30d357deb486e4e1b389ed154f608f18556c8a",
                "sha256:326d944aad0189603733d646e8d4a7d952f7145684da973c463ec2eefe1387c2",
                "sha256:359a32515e94e398a5c0fa057e5887a42e647a9502d8e41165cf5cb8d3d1ca67",
                "sha256:35cd2230e1ed76df7d0081a997f0fe705be1f7d8696264eb508076e0d0b5a685",
                "sha256:3b270c6b48d3ff5a35deb3648028ba2643ad8434b07836782b1139cf9c66313f",
                "sha256:42a1fb5dee3355df90b635906bb99126faa7936d87dfc97eacc5293397618cb7",
                "sha256:479228e1b798d3c246ac89b09897ee706c51b3e5f8f8d778067f38db73ccc717",
                "sha256:4cd919057636f63ab299ccb86ea0e78b87812400c76abab245ca385f17d19fb5",
                "sha256:4d8b453764b9b26b0dd2afb83086a7c3f9379134e340288d2a52f8a91592394b",
                "sha256:51a441011a30d693e71dea198b2a6f53ba029afc39f8e2aeb5b77245c1b282ef",
                "sha256:557594a50bfe3fb0b1b57460f6789affe8850ad19c1acf2d14a3e12b2757d489",
                "sha256:572f917267f363101eec375c109c9c1118037c7cc98041440b5eabda3185ac7b",
                "sha256:62512c0ec5d307f56d86504c58eace11c1bc2afcdf44e3ff20de8ca427ca1d0e",
                "sha256:65ad3ff837c89a229d626b8004f0ee32110f9bfdb6a88b76a80df36ccc60d926",
                "sha256:666c6b32b69e56221ad1551d377f718ed00e6167c7a1b9257f780b105a101271",
                "sha256:6e994003e719458420e14ffb43c08f4c14990e20d9e077cb5cad7a3e419bbb54",
                "sha256:72bf437d54186d104388cbae73c9f2b0f8a3e11b6e8d7deb593bd14625c96026",
                "sha256:738e823a746841248b56f0f3bd6abf3b73af191d1fd65e4c723b9c456216f0ad",
                "sha256:78287731e3601ea5ce9d6468c82d88a12ef8fe625d6b7bdec9b45d96c1ad6533",
                "sha256:7833c872718dc913f18e51ee97ea0dece61d9930893a58b20b3daf09bb1af6b6",
                "sha256:7e083d32965d2eb6638a77e65b622be32a094fdc0250f28ce6039b0732fbcaa8",
                "sha256:8186b5a4730c896cbe1e4b645bdc524e62d874351ae50e1db7c3e9f5dc81dc26",
                "sha256:8605add58e6a960729aa40c0fd9a20a55909dd9b586d3e8104cc7f45869e4c6b",
                "sha256:977ce557d79577a3dd510844904d5d968bfef9489f512be65e2882e1c6eed7d8",
                "sha256:994ce5a7b3d20981b81d83618aa4882f955bfa573efdbef033d5632b58597ba9",
                "sha256:9ad5895938a894c368d49d8470fe9f519909e5ebc6b8f8ea5190bd0df6aa4271",
                "sha256:9eb0a1923354e0fdd1c8a6f53f5db2e6180d670e2b587914bf2e79fa8acfd003",
                "sha256:a00284dbfb53b42e35c7dd99fc0e26ef89b4a34efff68078ed29d03ccb28402a",
                "sha256:a11a2c019324fc111485e79d55907e7289e53d0031275a6c8daed30690bc50c0",
                "sha256:ab6a0fe4c96f8058d41948ddf134420d3ef8c42d5508b5a341a440cce7a37a1d",
                "sha256:b1d0a1bce919de0dd8da5cff4e616b2d9e6ebf3bd1410ff645318c3dd615010a",
                "sha256:b8e4f15b672c9156c1154249a9c5746e86ac9ae9edc3799ee3afebc323d9d9e0",
                "sha256:bbca34dca5a2d60f81326d908d77313816fad23d11b6069031a3d6b8c97a54f9",
                "sha256:bf656cd74ff7b4ed7006cdb2a6728150aaad69c7242b42a2a532f77b63ea233f",
                "sha256:c95257aa2ccf75d3d91d772060538d5fea7f625e48157f8ca44594f94d41cb33",
                "sha256:dc5023be1c2a8b0a0ab5e31389e62c28b2453eb31dd069f4b8d1a0f9814d951a",
                "sha256:e14bceb1f3ae8a14374be2b2d7bc12a59226872285f91d66d301e5f41705d4d6",
                "sha256:e3c4f5211394cd0bf6874ac5d29684a495f9c374919833dcfff0bd6d37f96201",
                "sha256:e76f017b6d4140a038c5ff12be1581183d7874e41f1c0af58ecf07748d36a336",
                "sha256:e7d5606b9240ed4def9cbdf35be4308047d11e858b9c88a6c26974758d6225ce",
                "sha256:f0f80e323a17af63eac6a9db0c9188c10f1fd815c3ab299727150cc0eb92c7a4",
                "sha256:fb2fa2f6506c03c48ca42e3fe5a692d7470d290c047ee6de7c0f3e5fa7639ac9",
                "sha256:ffa8fee2b1b9e60b531c4c27cf528d6b5d5da46b1730db1f4d6eee56ff282e07"
            ],
            "version": "==6.1.1"
        },
        "docutils": {
            "hashes": [
                "sha256:686577d2e4c32380bb50cbb22f575ed742d58168cee37e99117a854bcd88f125",
                "sha256:cf316c8370a737a022b72b56874f6602acf974a37a9fba42ec2876387549fc61"
            ],
            "version": "==0.17.1"
        },
        "epicscorelibs": {
            "hashes": [
                "sha256:01d45ae25d844afe71893838f36ea649ccc3e1e72a96076b33242437efb1ce13",
                "sha256:0269ba469aa8117d86e865b09e9f3b3afdb891f5f544a90d8af037039015b995",
                "sha256:1c6f00360ab2e89081c031ff499f5695bd687102a561160cf6304b64cf325ca5",
                "sha256:1cbed1cb9b7fa3744723dfb78a1aaa7ff9d475e9dee6e6e21ebb1e682421cd35",
                "sha256:223515de1da16fd7a06892e41a1e5bc870b57bbf1a0a4ac3dc3e069b647d7313",
                "sha256:329179971288722eb7f7d085fced198ff30468cc225d9677f08175074680b4ef",
                "sha256:32f91502afa9639fe576fa5bfa137352ee04f929d2887a2c7c169c24c0658808",
                "sha256:3c8958b7c3385dc190948af429a7c10d18e71142d749776250341e1db6b3d05b",
                "sha256:3eb16a21760110e0d159e7ee0f97a36250a83abc0ca6ec08806d4ad148c48761",
                "sha256:3f07babd8ff1c7499cbe9f95dd80a8cbee45f9f38bda2f6c72855c4c647d2dc7",
                "sha256:5766a0dafcd02af7ecead064d5502282eac1c66afdddf7235ae822228eedac11",
                "sha256:5a18ab11d8a565b9ea9e035218b5ac44b86d21162d7260ecb54fad43f506d70f",
                "sha256:64dd24d80b8dd1bca73ce8ffe0673306cf7018dba61883bd1b7b4ff179ac0623",
                "sha256:773d51ade8a9c44333a56aae1224afe4c238750643c5a05a461186d9ce7f4cf6",
                "sha256:86921315b855993c0316eb938586c8b99acc21ba5ed26ac0cb66d32e1682f89b",
                "sha256:941643c2e90665305deddc4a7fe99dceb5488c80d1c31bd4a96169a92adea73f",
                "sha256:9a4b401e22a96b9cacc2429f67179fed4a1414e5629f78865d6c63d92ec19439",
                "sha256:9be6cf03ad466812cd659fa2a6af1c8efd33946abdf0a2c5f8901df2289f2dda",
                "sha256:a9e07998cca913e6cf5f448c37dc1c2f29acc5fec4aca19ed80cd127b65e5d69",
                "sha256:ac260dbd4b28a53c8ebac4f902d03448432b46d3fff7809488a63263b7efbd05",
                "sha256:b0d606a0c0c020387136b1b19091d661b1b2f5763377d6a0b13152351f42ad53",
                "sha256:b64b38b4f48601054a7bd0423d1559c1a2281cb962fd4cd4c1088f49ac29b2b7",
                "sha256:b69e91fe38f818a71fd4fbf22ac17d577bdce914d4940883586e57d629030328",
                "sha256:c3deebf918866f5bdd4fbc5f52b1c89c96121619573698442876eecdf1f9a985",
                "sha256:cbb5a14534e68eb2a10904ba020191c858860f2dfebbdff969d160a29020724e",
                "sha256:d729c35c29681acc3b666e59f041e6bd228c931b8303507bb046e331e5f11f67",
                "sha256:f165e4754249ee12bd38ba68ed72dc27764b28a02654c224c690f68b95519455",
                "sha256:f40ae0290be4d84c560f848f4b0340b3c9ff466bd52fcbd11899199fa0be9b4b"
            ],
            "version": "==7.0.6.99.2.0"
        },
        "epicsdbbuilder": {
            "hashes": [
                "sha256:40e01ca308b667d17b31dc1907816df20c31b389415268d9ec6e2be6c3b8f283",
                "sha256:ae8dc724c72478d2c6a68b08145d027a50af98702d17e4692f2d73f145818e74"
            ],
            "version": "==1.5"
        },
        "flake8": {
            "hashes": [
                "sha256:479b1304f72536a55948cb40a32dce8bb0ffe3501e26eaf292c7e60eb5e0428d",
                "sha256:806e034dda44114815e23c16ef92f95c91e4c71100ff52813adf7132a6ad870d"
            ],
            "version": "==4.0.1"
        },
        "idna": {
            "hashes": [
                "sha256:84d9dd047ffa80596e0f246e2eab0b391788b0503584e8945f2368256d2735ff",
                "sha256:9d643ff0a55b762d5cdb124b8eaa99c66322e2157b69160bc32796e824360e6d"
            ],
            "markers": "python_version >= '3'",
            "version": "==3.3"
        },
        "imagesize": {
            "hashes": [
                "sha256:6965f19a6a2039c7d48bca7dba2473069ff854c36ae6f19d2cde309d998228a1",
                "sha256:b1f6b5a4eab1f73479a50fb79fcf729514a900c341d8503d62a62dbc4127a2b1"
            ],
            "version": "==1.2.0"
        },
        "importlib-metadata": {
            "hashes": [
                "sha256:8c501196e49fb9df5df43833bdb1e4328f64847763ec8a50703148b73784d581",
                "sha256:d7eb1dea6d6a6086f8be21784cc9e3bcfa55872b52309bc5fad53a8ea444465d"
            ],
            "markers": "python_version < '3.8' and python_version < '3.8'",
            "version": "==4.0.1"
        },
        "iniconfig": {
            "hashes": [
                "sha256:011e24c64b7f47f6ebd835bb12a743f2fbe9a26d4cecaa7f53bc4f35ee9da8b3",
                "sha256:bc3af051d7d14b2ee5ef9969666def0cd1a000e121eaea580d4a313df4b37f32"
            ],
            "version": "==1.1.1"
        },
        "jinja2": {
            "hashes": [
                "sha256:827a0e32839ab1600d4eb1c4c33ec5a8edfbc5cb42dafa13b81f182f97784b45",
                "sha256:8569982d3f0889eed11dd620c706d39b60c36d6d25843961f33f77fb6bc6b20c"
            ],
            "version": "==3.0.2"
        },
        "markupsafe": {
            "hashes": [
                "sha256:01a9b8ea66f1658938f65b93a85ebe8bc016e6769611be228d797c9d998dd298",
                "sha256:023cb26ec21ece8dc3907c0e8320058b2e0cb3c55cf9564da612bc325bed5e64",
                "sha256:0446679737af14f45767963a1a9ef7620189912317d095f2d9ffa183a4d25d2b",
                "sha256:0717a7390a68be14b8c793ba258e075c6f4ca819f15edfc2a3a027c823718567",
                "sha256:0955295dd5eec6cb6cc2fe1698f4c6d84af2e92de33fbcac4111913cd100a6ff",
                "sha256:0d4b31cc67ab36e3392bbf3862cfbadac3db12bdd8b02a2731f509ed5b829724",
                "sha256:10f82115e21dc0dfec9ab5c0223652f7197feb168c940f3ef61563fc2d6beb74",
                "sha256:168cd0a3642de83558a5153c8bd34f175a9a6e7f6dc6384b9655d2697312a646",
                "sha256:1d609f577dc6e1aa17d746f8bd3c31aa4d258f4070d61b2aa5c4166c1539de35",
                "sha256:1f2ade76b9903f39aa442b4aadd2177decb66525062db244b35d71d0ee8599b6",
                "sha256:2a7d351cbd8cfeb19ca00de495e224dea7e7d919659c2841bbb7f420ad03e2d6",
                "sha256:2d7d807855b419fc2ed3e631034685db6079889a1f01d5d9dac950f764da3dad",
                "sha256:2ef54abee730b502252bcdf31b10dacb0a416229b72c18b19e24a4509f273d26",
                "sha256:36bc903cbb393720fad60fc28c10de6acf10dc6cc883f3e24ee4012371399a38",
                "sha256:37205cac2a79194e3750b0af2a5720d95f786a55ce7df90c3af697bfa100eaac",
                "sha256:3c112550557578c26af18a1ccc9e090bfe03832ae994343cfdacd287db6a6ae7",
                "sha256:3dd007d54ee88b46be476e293f48c85048603f5f516008bee124ddd891398ed6",
                "sha256:47ab1e7b91c098ab893b828deafa1203de86d0bc6ab587b160f78fe6c4011f75",
                "sha256:49e3ceeabbfb9d66c3aef5af3a60cc43b85c33df25ce03d0031a608b0a8b2e3f",
                "sha256:4efca8f86c54b22348a5467704e3fec767b2db12fc39c6d963168ab1d3fc9135",
                "sha256:53edb4da6925ad13c07b6d26c2a852bd81e364f95301c66e930ab2aef5b5ddd8",
                "sha256:5855f8438a7d1d458206a2466bf82b0f104a3724bf96a1c781ab731e4201731a",
                "sha256:594c67807fb16238b30c44bdf74f36c02cdf22d1c8cda91ef8a0ed8dabf5620a",
                "sha256:5bb28c636d87e840583ee3adeb78172efc47c8b26127267f54a9c0ec251d41a9",
                "sha256:60bf42e36abfaf9aff1f50f52644b336d4f0a3fd6d8a60ca0d054ac9f713a864",
                "sha256:611d1ad9a4288cf3e3c16014564df047fe08410e628f89805e475368bd304914",
                "sha256:6557b31b5e2c9ddf0de32a691f2312a32f77cd7681d8af66c2692efdbef84c18",
                "sha256:693ce3f9e70a6cf7d2fb9e6c9d8b204b6b39897a2c4a1aa65728d5ac97dcc1d8",
                "sha256:6a7fae0dd14cf60ad5ff42baa2e95727c3d81ded453457771d02b7d2b3f9c0c2",
                "sha256:6c4ca60fa24e85fe25b912b01e62cb969d69a23a5d5867682dd3e80b5b02581d",
                "sha256:6fcf051089389abe060c9cd7caa212c707e58153afa2c649f00346ce6d260f1b",
                "sha256:7d91275b0245b1da4d4cfa07e0faedd5b0812efc15b702576d103293e252af1b",
                "sha256:905fec760bd2fa1388bb5b489ee8ee5f7291d692638ea5f67982d968366bef9f",
                "sha256:97383d78eb34da7e1fa37dd273c20ad4320929af65d156e35a5e2d89566d9dfb",
                "sha256:984d76483eb32f1bcb536dc27e4ad56bba4baa70be32fa87152832cdd9db0833",
                "sha256:99df47edb6bda1249d3e80fdabb1dab8c08ef3975f69aed437cb69d0a5de1e28",
                "sha256:a30e67a65b53ea0a5e62fe23682cfe22712e01f453b95233b25502f7c61cb415",
                "sha256:ab3ef638ace319fa26553db0624c4699e31a28bb2a835c5faca8f8acf6a5a902",
                "sha256:add36cb2dbb8b736611303cd3bfcee00afd96471b09cda130da3581cbdc56a6d",
                "sha256:b2f4bf27480f5e5e8ce285a8c8fd176c0b03e93dcc6646477d4630e83440c6a9",
                "sha256:b7f2d075102dc8c794cbde1947378051c4e5180d52d276987b8d28a3bd58c17d",
                "sha256:baa1a4e8f868845af802979fcdbf0bb11f94f1cb7ced4c4b8a351bb60d108145",
                "sha256:be98f628055368795d818ebf93da628541e10b75b41c559fdf36d104c5787066",
                "sha256:bf5d821ffabf0ef3533c39c518f3357b171a1651c1ff6827325e4489b0e46c3c",
                "sha256:c47adbc92fc1bb2b3274c4b3a43ae0e4573d9fbff4f54cd484555edbf030baf1",
                "sha256:d7f9850398e85aba693bb640262d3611788b1f29a79f0c93c565694658f4071f",
                "sha256:d8446c54dc28c01e5a2dbac5a25f071f6653e6e40f3a8818e8b45d790fe6ef53",
                "sha256:e0f138900af21926a02425cf736db95be9f4af72ba1bb21453432a07f6082134",
                "sha256:e9936f0b261d4df76ad22f8fee3ae83b60d7c3e871292cd42f40b81b70afae85",
                "sha256:f5653a225f31e113b152e56f154ccbe59eeb1c7487b39b9d9f9cdb58e6c79dc5",
                "sha256:f826e31d18b516f653fe296d967d700fddad5901ae07c622bb3705955e1faa94",
                "sha256:f8ba0e8349a38d3001fae7eadded3f6606f0da5d748ee53cc1dab1d6527b9509",
                "sha256:f9081981fe268bd86831e5c75f7de206ef275defcb82bc70740ae6dc507aee51",
                "sha256:fa130dd50c57d53368c9d59395cb5526eda596d3ffe36666cd81a44d56e48872"
            ],
            "version": "==2.0.1"
        },
        "mccabe": {
            "hashes": [
                "sha256:ab8a6258860da4b6677da4bd2fe5dc2c659cff31b3ee4f7f5d64e79735b80d42",
                "sha256:dd8d182285a0fe56bace7f45b5e7d1a6ebcbf524e8f3bd87eb0f125271b8831f"
            ],
            "version": "==0.6.1"
        },
        "nose2": {
            "hashes": [
                "sha256:886ba617a96de0130c54b24479bd5c2d74d5c940d40f3809c3a275511a0c4a60",
                "sha256:aa620e759f2c5018d9ba041340391913e282ecebd3c392027f1575847b093ec6"
            ],
            "version": "==0.10.0"
        },
        "numpy": {
            "hashes": [
                "sha256:00c9fa73a6989895b8815d98300a20ac993c49ac36c8277e8ffeaa3631c0dbbb",
                "sha256:025b497014bc33fc23897859350f284323f32a2fff7654697f5a5fc2a19e9939",
                "sha256:08de8472d9f7571f9d51b27b75e827f5296295fa78817032e84464be8bb905bc",
                "sha256:1964db2d4a00348b7a60ee9d013c8cb0c566644a589eaa80995126eac3b99ced",
                "sha256:2a9add27d7fc0fdb572abc3b2486eb3b1395da71e0254c5552b2aad2a18b5441",
                "sha256:2d8adfca843bc46ac199a4645233f13abf2011a0b2f4affc5c37cd552626f27b",
                "sha256:301e408a052fdcda5cdcf03021ebafc3c6ea093021bf9d1aa47c54d48bdad166",
                "sha256:311283acf880cfcc20369201bd75da907909afc4666966c7895cbed6f9d2c640",
                "sha256:341dddcfe3b7b6427a28a27baa59af5ad51baa59bfec3264f1ab287aa3b30b13",
                "sha256:3a5098df115340fb17fc93867317a947e1dcd978c3888c5ddb118366095851f8",
                "sha256:3c978544be9e04ed12016dd295a74283773149b48f507d69b36f91aa90a643e5",
                "sha256:3d893b0871322eaa2f8c7072cdb552d8e2b27645b7875a70833c31e9274d4611",
                "sha256:4fe6a006557b87b352c04596a6e3f12a57d6e5f401d804947bd3188e6b0e0e76",
                "sha256:507c05c7a37b3683eb08a3ff993bd1ee1e6c752f77c2f275260533b265ecdb6c",
                "sha256:58ca1d7c8aef6e996112d0ce873ac9dfa1eaf4a1196b4ff7ff73880a09923ba7",
                "sha256:61bada43d494515d5b122f4532af226fdb5ee08fe5b5918b111279843dc6836a",
                "sha256:69a5a8d71c308d7ef33ef72371c2388a90e3495dbb7993430e674006f94797d5",
                "sha256:6a5928bc6241264dce5ed509e66f33676fc97f464e7a919edc672fb5532221ee",
                "sha256:7b9d6b14fc9a4864b08d1ba57d732b248f0e482c7b2ff55c313137e3ed4d8449",
                "sha256:a7c4b701ca418cd39e28ec3b496e6388fe06de83f5f0cb74794fa31cfa384c02",
                "sha256:a7e8f6216f180f3fd4efb73de5d1eaefb5f5a1ee5b645c67333033e39440e63a",
                "sha256:b545ebadaa2b878c8630e5bcdb97fc4096e779f335fc0f943547c1c91540c815",
                "sha256:c293d3c0321996cd8ffe84215ffe5d269fd9d1d12c6f4ffe2b597a7c30d3e593",
                "sha256:c5562bcc1a9b61960fc8950ade44d00e3de28f891af0acc96307c73613d18f6e",
                "sha256:ca9c23848292c6fe0a19d212790e62f398fd9609aaa838859be8459bfbe558aa",
                "sha256:cc1b30205d138d1005adb52087ff45708febbef0e420386f58664f984ef56954",
                "sha256:dbce7adeb66b895c6aaa1fad796aaefc299ced597f6fbd9ceddb0dd735245354",
                "sha256:dc4b2fb01f1b4ddbe2453468ea0719f4dbb1f5caa712c8b21bb3dd1480cd30d9",
                "sha256:eed2afaa97ec33b4411995be12f8bdb95c87984eaa28d76cf628970c8a2d689a",
                "sha256:fc7a7d7b0ed72589fd8b8486b9b42a564f10b8762be8bd4d9df94b807af4a089"
            ],
            "version": "==1.21.5"
        },
        "p4p": {
            "hashes": [
                "sha256:06c95f97b531e6dee05cf1080192c0310b72bcc6bb1a5da5bbe0295567abd1ae",
                "sha256:0a817f4385c1d119f68bf701b4a73fdad7a273dfa7c7825db63930eda64ce8e7",
                "sha256:0fc35bb3ad6b8e2c48d5f94ca1a18d60a763993384d03204d814ac63b7aa7ee1",
                "sha256:1779a995e07ba561b8bb0b9474b9043861fc304c19afdcfc552fb758b783277f",
                "sha256:178bd8e66b6771be6d270230c8169420ed05c5fb506fb05fc1983b2db469119b",
                "sha256:270966fb4ecbf532a09c375c23404d171bb2d05169c7f2d00aa74d791091c21f",
                "sha256:2951deb6d551d1a91535a7eaf91962834404218b97cfd5439b22ed9c71dd1214",
                "sha256:325f888902e03a443090bd19fd8bd3f8a064989a9cdab0389fb60d6b461a189d",
                "sha256:38c849f27d0acd042113cbde4d4d9682b1c45c62ca9c569201e70f128268b5d2",
                "sha256:3950bef6486b2cf5690a7f0efbea233540582ebb5ac72736ff76e55048b5bed0",
                "sha256:3da53fcc002f2d7b855f7fa075f74cba3fbbeb41f0a81958f45559334440819b",
                "sha256:7466c57f66ba39f5c6c17425b0003d5eda2be98ddc5342aca99c02986a0bf185",
                "sha256:84dcd9ca598665069bfdb3df1bef3fce98ea1a7ca5ef377cc6f55b1391daec1d",
                "sha256:8f7e0577628c15e10ffd8da21e3699391bf5a25a28c5a531bccf614618bbfe3d",
                "sha256:98325753e7d38dac9e0ad643814e37162e451c55bf9cd3ff3c5b94c2e6aff1df",
                "sha256:9dc3cb1119efd1c29cf5e7a20ecd17dc184fdf66fa7b39e87d10344ecb8001fd",
                "sha256:a4f65b20fccc77608591c90675bcc22aaaf128f20b9a648aea00afd592bccfe9",
                "sha256:a5fddf5eedfed9d577f651ad53947d31738d893a485e3981ce710ca7c63ab547",
                "sha256:b338048f1e96f4c3de6d58a668eeab3667276879db5589838118c174272358bd",
                "sha256:b3dd72c29d1a89e9f96de0b3d67fc2dd824acfb026f3ff1603a024d229f7f404",
                "sha256:bae9918e7793198b20507cc4a7b4ec4428c51ee33b28db96232ac178ea12400f",
                "sha256:d714d0bf14ed9e0ca7cc5e9d4e6cb390c1ddcc3d8b7aeff23c09b0b3f6635e2c",
                "sha256:d72f2951878c53e2f3f2e349bc8788f3e11a980e1f044f9c69153494318b340a",
                "sha256:e69211b5f9e6aa93cf552491144aec561c3cdf6bf59c1f4013329556f13461f0",
                "sha256:fd787fa25b5536d054bebc5e15f80da1948d0d6e9fe83848050eb557f5d35fc8"
            ],
            "version": "==3.5.5"
        },
        "packaging": {
            "hashes": [
                "sha256:096d689d78ca690e4cd8a89568ba06d07ca097e3306a4381635073ca91479966",
                "sha256:14317396d1e8cdb122989b916fa2c7e9ca8e2be9e8060a6eff75b6b7b4d8a7e0"
            ],
            "version": "==21.2"
        },
        "pluggy": {
            "hashes": [
                "sha256:4224373bacce55f955a878bf9cfa763c1e360858e330072059e10bad68531159",
                "sha256:74134bbf457f031a36d68416e1509f34bd5ccc019f0bcc952c7b909d06b37bd3"
            ],
            "version": "==1.0.0"
        },
        "ply": {
            "hashes": [
                "sha256:00c7c1aaa88358b9c765b6d3000c6eec0ba42abca5351b095321aef446081da3",
                "sha256:096f9b8350b65ebd2fd1346b12452efe5b9607f7482813ffca50c22722a807ce"
            ],
            "version": "==3.11"
        },
        "py": {
            "hashes": [
                "sha256:21b81bda15b66ef5e1a777a21c4dcd9c20ad3efd0b3f817e7a809035269e1bd3",
                "sha256:3b80836aa6d1feeaa108e046da6423ab8f6ceda6468545ae8d02d9d58d18818a"
            ],
            "version": "==1.10.0"
        },
        "pycodestyle": {
            "hashes": [
                "sha256:720f8b39dde8b293825e7ff02c475f3077124006db4f440dcbc9a20b76548a20",
                "sha256:eddd5847ef438ea1c7870ca7eb78a9d47ce0cdb4851a5523949f2601d0cbbe7f"
            ],
            "version": "==2.8.0"
        },
        "pyflakes": {
            "hashes": [
                "sha256:05a85c2872edf37a4ed30b0cce2f6093e1d0581f8c19d7393122da7e25b2b24c",
                "sha256:3bb3a3f256f4b7968c9c788781e4ff07dce46bdf12339dcda61053375426ee2e"
            ],
            "version": "==2.4.0"
        },
        "pygments": {
            "hashes": [
                "sha256:b8e67fe6af78f492b3c4b3e2970c0624cbf08beb1e493b2c99b9fa1b67a20380",
                "sha256:f398865f7eb6874156579fdf36bc840a03cab64d1cde9e93d68f46a425ec52c6"
            ],
            "version": "==2.10.0"
        },
        "pyparsing": {
            "hashes": [
                "sha256:c203ec8783bf771a155b207279b9bccb8dea02d8f0c9e5f8ead507bc3246ecc1",
                "sha256:ef9d7589ef3c200abe66653d3f1ab1033c3c419ae9b9bdb1240a85b024efc88b"
            ],
            "version": "==2.4.7"
        },
        "pytest": {
            "hashes": [
                "sha256:131b36680866a76e6781d13f101efb86cf674ebb9762eb70d3082b6f29889e89",
                "sha256:7310f8d27bc79ced999e760ca304d69f6ba6c6649c0b60fb0e04a4a77cacc134"
            ],
            "version": "==6.2.5"
        },
        "pytest-asyncio": {
            "hashes": [
                "sha256:6d895b02432c028e6957d25fc936494e78c6305736e785d9fee408b1efbc7ff4",
                "sha256:e0fe5dbea40516b661ef1bcfe0bd9461c2847c4ef4bb40012324f2454fb7d56d"
            ],
            "version": "==0.17.2"
        },
        "pytest-cov": {
            "hashes": [
                "sha256:578d5d15ac4a25e5f961c938b85a05b09fdaae9deef3bb6de9a6e766622ca7a6",
                "sha256:e7f0f5b1617d2210a2cabc266dfe2f4c75a8d32fb89eafb7ad9d06f6d076d470"
            ],
            "version": "==3.0.0"
        },
        "pytest-flake8": {
            "hashes": [
                "sha256:c28cf23e7d359753c896745fd4ba859495d02e16c84bac36caa8b1eec58f5bc1",
                "sha256:f0259761a903563f33d6f099914afef339c085085e643bee8343eb323b32dd6b"
            ],
            "version": "==1.0.7"
        },
        "pytz": {
            "hashes": [
                "sha256:3672058bc3453457b622aab7a1c3bfd5ab0bdae451512f6cf25f64ed37f5b87c",
                "sha256:acad2d8b20a1af07d4e4c9d2e9285c5ed9104354062f275f3fcd88dcef4f1326"
            ],
            "version": "==2021.3"
        },
        "requests": {
            "hashes": [
                "sha256:6c1246513ecd5ecd4528a0906f910e8f0f9c6b8ec72030dc9fd154dc1a6efd24",
                "sha256:b8aa58f8cf793ffd8782d3d8cb19e66ef36f7aba4353eec859e74678b01b07a7"
            ],
            "version": "==2.26.0"
        },
        "setuptools-dso": {
            "hashes": [
                "sha256:10f0e4eab7bf6789f76a5544f15a1be0f285413652b7d3d7ac11203ce72569d5",
                "sha256:bcf27777d7fc39359ab56c5a393c0aa62ae7bc84f30d1f36a40d6143f0af14b0"
            ],
            "version": "==2.1"
        },
        "six": {
            "hashes": [
                "sha256:1e61c37477a1626458e36f7b1d82aa5c9b094fa4802892072e49de9c60c4c926",
                "sha256:8abb2f1d86890a2dfb989f9a77cfcfd3e47c2a354b01111771326f8aa26e0254"
            ],
            "version": "==1.16.0"
        },
        "snowballstemmer": {
            "hashes": [
                "sha256:b51b447bea85f9968c13b650126a888aabd4cb4463fca868ec596826325dedc2",
                "sha256:e997baa4f2e9139951b6f4c631bad912dfd3c792467e2f03d7239464af90e914"
            ],
            "version": "==2.1.0"
        },
        "softioc": {
            "editable": true,
            "extras": [
                "useful"
            ],
            "path": "."
        },
        "sphinx": {
            "hashes": [
                "sha256:0a8836751a68306b3fe97ecbe44db786f8479c3bf4b80e3a7f5c838657b4698c",
                "sha256:6a11ea5dd0bdb197f9c2abc2e0ce73e01340464feaece525e64036546d24c851"
            ],
            "version": "==4.3.2"
        },
        "sphinx-rtd-theme": {
            "hashes": [
                "sha256:4d35a56f4508cfee4c4fb604373ede6feae2a306731d533f409ef5c3496fdbd8",
                "sha256:eec6d497e4c2195fa0e8b2016b337532b8a699a68bcb22a512870e16925c6a5c"
            ],
            "version": "==1.0.0"
        },
        "sphinx-rtd-theme-github-versions": {
            "hashes": [
                "sha256:0df27ae9a9cd902468c808dbee5a43f4db8ce43cbcf2ecc78d2fe47698bb0ded",
                "sha256:23018e51a5d27ef4f69dd86314f73b19088f2cfd91c74a24db1517832233dc07"
            ],
            "version": "==1.1"
        },
        "sphinxcontrib-applehelp": {
            "hashes": [
                "sha256:806111e5e962be97c29ec4c1e7fe277bfd19e9652fb1a4392105b43e01af885a",
                "sha256:a072735ec80e7675e3f432fcae8610ecf509c5f1869d17e2eecff44389cdbc58"
            ],
            "version": "==1.0.2"
        },
        "sphinxcontrib-devhelp": {
            "hashes": [
                "sha256:8165223f9a335cc1af7ffe1ed31d2871f325254c0423bc0c4c7cd1c1e4734a2e",
                "sha256:ff7f1afa7b9642e7060379360a67e9c41e8f3121f2ce9164266f61b9f4b338e4"
            ],
            "version": "==1.0.2"
        },
        "sphinxcontrib-htmlhelp": {
            "hashes": [
                "sha256:d412243dfb797ae3ec2b59eca0e52dac12e75a241bf0e4eb861e450d06c6ed07",
                "sha256:f5f8bb2d0d629f398bf47d0d69c07bc13b65f75a81ad9e2f71a63d4b7a2f6db2"
            ],
            "version": "==2.0.0"
        },
        "sphinxcontrib-jsmath": {
            "hashes": [
                "sha256:2ec2eaebfb78f3f2078e73666b1415417a116cc848b72e5172e596c871103178",
                "sha256:a9925e4a4587247ed2191a22df5f6970656cb8ca2bd6284309578f2153e0c4b8"
            ],
            "version": "==1.0.1"
        },
        "sphinxcontrib-qthelp": {
            "hashes": [
                "sha256:4c33767ee058b70dba89a6fc5c1892c0d57a54be67ddd3e7875a18d14cba5a72",
                "sha256:bd9fc24bcb748a8d51fd4ecaade681350aa63009a347a8c14e637895444dfab6"
            ],
            "version": "==1.0.3"
        },
        "sphinxcontrib-serializinghtml": {
            "hashes": [
                "sha256:352a9a00ae864471d3a7ead8d7d79f5fc0b57e8b3f95e9867eb9eb28999b92fd",
                "sha256:aa5f6de5dfdf809ef505c4895e51ef5c9eac17d0f287933eb49ec495280b6952"
            ],
            "version": "==1.1.5"
        },
        "toml": {
            "hashes": [
                "sha256:806143ae5bfb6a3c6e736a764057db0e6a0e05e338b5630894a5f779cabb4f9b",
                "sha256:b3bda1d108d5dd99f4a20d24d9c348e91c4db7ab1b749200bded2f839ccbe68f"
            ],
            "version": "==0.10.2"
        },
        "tomli": {
            "hashes": [
                "sha256:c6ce0015eb38820eaf32b5db832dbc26deb3dd427bd5f6556cf0acac2c214fee",
                "sha256:f04066f68f5554911363063a30b108d2b5a5b1a010aa8b6132af78489fe3aade"
            ],
            "version": "==1.2.2"
        },
        "typing-extensions": {
            "hashes": [
                "sha256:4ca091dea149f945ec56afb48dae714f21e8692ef22a395223bcd328961b6a0e",
                "sha256:7f001e5ac290a0c0401508864c7ec868be4e701886d5b573a9528ed3973d9d3b"
            ],
            "version": "==4.0.1"
        },
        "urllib3": {
            "hashes": [
                "sha256:4987c65554f7a2dbf30c18fd48778ef124af6fab771a377103da0585e2336ece",
                "sha256:c4fdf4019605b6e5423637e01bc9fe4daef873709a7973e195ceba0a62bbc844"
            ],
            "version": "==1.26.7"
        },
        "zipp": {
            "hashes": [
                "sha256:71c644c5369f4a6e07636f0aa966270449561fcea2e3d6747b8d23efaa9d7832",
                "sha256:9fe5ea21568a0a70e50f273397638d39b03353731e6cbbb3fd8502a33fec40bc"
            ],
            "version": "==3.6.0"
        }
    }
}
